PODS:
  - Ads-CN (5.1.0.5):
    - Ads-CN/BUAdSDK (= 5.1.0.5)
  - Ads-CN/BUAdSDK (5.1.0.5):
    - Ads-CN/Dep_Accurate
  - Ads-CN/Dep_Accurate (5.1.0.5):
    - BUAdSDK (= 0.2.0.1)
    - BURelyFoundation/CSJ (= 0.1.0.7)
  - BUAdSDK (0.2.0.1):
    - BUAdSDK/BUAdSDK (= 0.2.0.1)
  - BUAdSDK/BUAdSDK (0.2.0.1)
  - BURelyFoundation/AFNetworking (0.1.0.7)
  - BURelyFoundation/BURelyFoundation (0.1.0.7)
  - BURelyFoundation/CSJ (0.1.0.7):
    - BURelyFoundation/AFNetworking
    - BURelyFoundation/BURelyFoundation
    - BURelyFoundation/CSJLottie
    - BURelyFoundation/Foundation
    - BURelyFoundation/Gecko
    - BURelyFoundation/HM
    - BURelyFoundation/NETWork
    - BURelyFoundation/SDWebImage
    - BURelyFoundation/Ugen
    - BURelyFoundation/YYModel
    - BURelyFoundation/ZFPlayer
    - BURelyFoundation/Zip
  - BURelyFoundation/CSJLottie (0.1.0.7)
  - BURelyFoundation/ELCoreTokenizer (0.1.0.7)
  - BURelyFoundation/Foundation (0.1.0.7):
    - BURelyFoundation/NETWork
  - BURelyFoundation/Gecko (0.1.0.7):
    - BURelyFoundation/Foundation
  - BURelyFoundation/HM (0.1.0.7)
  - BURelyFoundation/NETWork (0.1.0.7):
    - BURelyFoundation/AFNetworking
  - BURelyFoundation/SDWebImage (0.1.0.7):
    - BURelyFoundation/Foundation
    - BURelyFoundation/ServiceCenter
  - BURelyFoundation/ServiceCenter (0.1.0.7)
  - BURelyFoundation/Ugen (0.1.0.7):
    - BURelyFoundation/ELCoreTokenizer
  - BURelyFoundation/YYModel (0.1.0.7)
  - BURelyFoundation/ZFPlayer (0.1.0.7):
    - BURelyFoundation/Foundation
    - BURelyFoundation/Zip
  - BURelyFoundation/Zip (0.1.0.7):
    - BURelyFoundation/Foundation
  - Google-Mobile-Ads-SDK (10.1.0):
    - GoogleAppMeasurement (< 11.0, >= 7.0)
    - GoogleUserMessagingPlatform (>= 1.1)
  - GoogleAppMeasurement (10.5.0):
    - GoogleAppMeasurement/AdIdSupport (= 10.5.0)
    - GoogleUtilities/AppDelegateSwizzler (~> 7.8)
    - GoogleUtilities/MethodSwizzler (~> 7.8)
    - GoogleUtilities/Network (~> 7.8)
    - "GoogleUtilities/NSData+zlib (~> 7.8)"
    - nanopb (< 2.30910.0, >= 2.30908.0)
  - GoogleAppMeasurement/AdIdSupport (10.5.0):
    - GoogleAppMeasurement/WithoutAdIdSupport (= 10.5.0)
    - GoogleUtilities/AppDelegateSwizzler (~> 7.8)
    - GoogleUtilities/MethodSwizzler (~> 7.8)
    - GoogleUtilities/Network (~> 7.8)
    - "GoogleUtilities/NSData+zlib (~> 7.8)"
    - nanopb (< 2.30910.0, >= 2.30908.0)
  - GoogleAppMeasurement/WithoutAdIdSupport (10.5.0):
    - GoogleUtilities/AppDelegateSwizzler (~> 7.8)
    - GoogleUtilities/MethodSwizzler (~> 7.8)
    - GoogleUtilities/Network (~> 7.8)
    - "GoogleUtilities/NSData+zlib (~> 7.8)"
    - nanopb (< 2.30910.0, >= 2.30908.0)
  - GoogleUserMessagingPlatform (2.0.1)
  - GoogleUtilities/AppDelegateSwizzler (7.11.0):
    - GoogleUtilities/Environment
    - GoogleUtilities/Logger
    - GoogleUtilities/Network
  - GoogleUtilities/Environment (7.11.0):
    - PromisesObjC (< 3.0, >= 1.2)
  - GoogleUtilities/Logger (7.11.0):
    - GoogleUtilities/Environment
  - GoogleUtilities/MethodSwizzler (7.11.0):
    - GoogleUtilities/Logger
  - GoogleUtilities/Network (7.11.0):
    - GoogleUtilities/Logger
    - "GoogleUtilities/NSData+zlib"
    - GoogleUtilities/Reachability
  - "GoogleUtilities/NSData+zlib (7.11.0)"
  - GoogleUtilities/Reachability (7.11.0):
    - GoogleUtilities/Logger
  - iApple (1.0.0):
    - iApple/iBox (= 1.0.0)
  - iApple/iAD (1.0.0):
    - Ads-CN
    - Google-Mobile-Ads-SDK
    - iApple/iBox
    - iApple/iLog
    - iApple/iView
  - iApple/iBox (1.0.0)
  - iApple/iLog (1.0.0):
    - iApple/iBox
  - iApple/iRouter (1.0.0):
    - iApple/iBox
  - iApple/iView (1.0.0):
    - iApple/iBox
  - nanopb (2.30909.0):
    - nanopb/decode (= 2.30909.0)
    - nanopb/encode (= 2.30909.0)
  - nanopb/decode (2.30909.0)
  - nanopb/encode (2.30909.0)
  - PromisesObjC (2.2.0)
  - SnapKit (5.6.0)

DEPENDENCIES:
  - Ads-CN
  - Google-Mobile-Ads-SDK
  - iApple (from `../`)
  - iApple/iAD (from `../`)
  - iApple/iRouter (from `../`)
  - iApple/iView (from `../`)
  - SnapKit

SPEC REPOS:
  https://github.com/CocoaPods/Specs.git:
    - Ads-CN
    - BUAdSDK
    - BURelyFoundation
    - Google-Mobile-Ads-SDK
    - GoogleAppMeasurement
    - GoogleUserMessagingPlatform
    - GoogleUtilities
    - nanopb
    - PromisesObjC
    - SnapKit

EXTERNAL SOURCES:
  iApple:
    :path: "../"

SPEC CHECKSUMS:
  Ads-CN: 342fba3a46d17fa395da7bba1d88893fe33905e6
  BUAdSDK: 002b735289815f703efc9108f66347ac61f1892a
  BURelyFoundation: 0de7dbb9acc7f69a0a56b09949260f5dc5a4e0ab
  Google-Mobile-Ads-SDK: 894be2e3e3e8281004bda14381f9af7ad73eeffd
  GoogleAppMeasurement: 40c70a7d89013f0eca72006c4b9732163ea4cdae
  GoogleUserMessagingPlatform: 5f8b30daf181805317b6b985bb51c1ff3beca054
  GoogleUtilities: c2bdc4cf2ce786c4d2e6b3bcfd599a25ca78f06f
  iApple: fe689e7dbf095913fc3388da780ebec5771f9562
  nanopb: b552cce312b6c8484180ef47159bc0f65a1f0431
  PromisesObjC: 09985d6d70fbe7878040aa746d78236e6946d2ef
  SnapKit: e01d52ebb8ddbc333eefe2132acf85c8227d9c25

PODFILE CHECKSUM: ea0e322d206e39a05fd5b9e2b66ba02c99c6ed16

COCOAPODS: 1.11.3
