// !$*UTF8*$!
{
	archiveVersion = 1;
	classes = {
	};
	objectVersion = 56;
	objects = {

/* Begin PBXBuildFile section */
		846E25792AB7DFD300CA7224 /* AppDelegate.swift in Sources */ = {isa = PBXBuildFile; fileRef = 846E25782AB7DFD300CA7224 /* AppDelegate.swift */; };
		846E257B2AB7DFD300CA7224 /* SceneDelegate.swift in Sources */ = {isa = PBXBuildFile; fileRef = 846E257A2AB7DFD300CA7224 /* SceneDelegate.swift */; };
		846E257D2AB7DFD300CA7224 /* ViewController.swift in Sources */ = {isa = PBXBuildFile; fileRef = 846E257C2AB7DFD300CA7224 /* ViewController.swift */; };
		846E25802AB7DFD300CA7224 /* Main.storyboard in Resources */ = {isa = PBXBuildFile; fileRef = 846E257E2AB7DFD300CA7224 /* Main.storyboard */; };
		846E25822AB7DFD500CA7224 /* Assets.xcassets in Resources */ = {isa = PBXBuildFile; fileRef = 846E25812AB7DFD500CA7224 /* Assets.xcassets */; };
		846E25852AB7DFD500CA7224 /* LaunchScreen.storyboard in Resources */ = {isa = PBXBuildFile; fileRef = 846E25832AB7DFD500CA7224 /* LaunchScreen.storyboard */; };
		C10D9D52017926CE0381AFE9 /* Pods_EXIAD.framework in Frameworks */ = {isa = PBXBuildFile; fileRef = B8D7F4B7756EBE86293EC62A /* Pods_EXIAD.framework */; };
/* End PBXBuildFile section */

/* Begin PBXFileReference section */
		846E25752AB7DFD300CA7224 /* EXIAD.app */ = {isa = PBXFileReference; explicitFileType = wrapper.application; includeInIndex = 0; path = EXIAD.app; sourceTree = BUILT_PRODUCTS_DIR; };
		846E25782AB7DFD300CA7224 /* AppDelegate.swift */ = {isa = PBXFileReference; lastKnownFileType = sourcecode.swift; path = AppDelegate.swift; sourceTree = "<group>"; };
		846E257A2AB7DFD300CA7224 /* SceneDelegate.swift */ = {isa = PBXFileReference; lastKnownFileType = sourcecode.swift; path = SceneDelegate.swift; sourceTree = "<group>"; };
		846E257C2AB7DFD300CA7224 /* ViewController.swift */ = {isa = PBXFileReference; lastKnownFileType = sourcecode.swift; path = ViewController.swift; sourceTree = "<group>"; };
		846E257F2AB7DFD300CA7224 /* Base */ = {isa = PBXFileReference; lastKnownFileType = file.storyboard; name = Base; path = Base.lproj/Main.storyboard; sourceTree = "<group>"; };
		846E25812AB7DFD500CA7224 /* Assets.xcassets */ = {isa = PBXFileReference; lastKnownFileType = folder.assetcatalog; path = Assets.xcassets; sourceTree = "<group>"; };
		846E25842AB7DFD500CA7224 /* Base */ = {isa = PBXFileReference; lastKnownFileType = file.storyboard; name = Base; path = Base.lproj/LaunchScreen.storyboard; sourceTree = "<group>"; };
		846E25862AB7DFD500CA7224 /* Info.plist */ = {isa = PBXFileReference; lastKnownFileType = text.plist.xml; path = Info.plist; sourceTree = "<group>"; };
		B8D7F4B7756EBE86293EC62A /* Pods_EXIAD.framework */ = {isa = PBXFileReference; explicitFileType = wrapper.framework; includeInIndex = 0; path = Pods_EXIAD.framework; sourceTree = BUILT_PRODUCTS_DIR; };
		DDEE58891C3E4C1A8CADAA6A /* Pods-EXIAD.release.xcconfig */ = {isa = PBXFileReference; includeInIndex = 1; lastKnownFileType = text.xcconfig; name = "Pods-EXIAD.release.xcconfig"; path = "Target Support Files/Pods-EXIAD/Pods-EXIAD.release.xcconfig"; sourceTree = "<group>"; };
		F767FD24EB75D4CCE0D193F1 /* Pods-EXIAD.debug.xcconfig */ = {isa = PBXFileReference; includeInIndex = 1; lastKnownFileType = text.xcconfig; name = "Pods-EXIAD.debug.xcconfig"; path = "Target Support Files/Pods-EXIAD/Pods-EXIAD.debug.xcconfig"; sourceTree = "<group>"; };
/* End PBXFileReference section */

/* Begin PBXFrameworksBuildPhase section */
		846E25722AB7DFD300CA7224 /* Frameworks */ = {
			isa = PBXFrameworksBuildPhase;
			buildActionMask = 2147483647;
			files = (
				C10D9D52017926CE0381AFE9 /* Pods_EXIAD.framework in Frameworks */,
			);
			runOnlyForDeploymentPostprocessing = 0;
		};
/* End PBXFrameworksBuildPhase section */

/* Begin PBXGroup section */
		333A94223454E30C5CE20BE8 /* Frameworks */ = {
			isa = PBXGroup;
			children = (
				B8D7F4B7756EBE86293EC62A /* Pods_EXIAD.framework */,
			);
			name = Frameworks;
			sourceTree = "<group>";
		};
		846E256C2AB7DFD300CA7224 = {
			isa = PBXGroup;
			children = (
				846E25772AB7DFD300CA7224 /* EXIAD */,
				846E25762AB7DFD300CA7224 /* Products */,
				9D41B427D1DA2A4FEC9860C9 /* Pods */,
				333A94223454E30C5CE20BE8 /* Frameworks */,
			);
			sourceTree = "<group>";
		};
		846E25762AB7DFD300CA7224 /* Products */ = {
			isa = PBXGroup;
			children = (
				846E25752AB7DFD300CA7224 /* EXIAD.app */,
			);
			name = Products;
			sourceTree = "<group>";
		};
		846E25772AB7DFD300CA7224 /* EXIAD */ = {
			isa = PBXGroup;
			children = (
				846E25782AB7DFD300CA7224 /* AppDelegate.swift */,
				846E257A2AB7DFD300CA7224 /* SceneDelegate.swift */,
				846E257C2AB7DFD300CA7224 /* ViewController.swift */,
				846E257E2AB7DFD300CA7224 /* Main.storyboard */,
				846E25812AB7DFD500CA7224 /* Assets.xcassets */,
				846E25832AB7DFD500CA7224 /* LaunchScreen.storyboard */,
				846E25862AB7DFD500CA7224 /* Info.plist */,
			);
			path = EXIAD;
			sourceTree = "<group>";
		};
		9D41B427D1DA2A4FEC9860C9 /* Pods */ = {
			isa = PBXGroup;
			children = (
				F767FD24EB75D4CCE0D193F1 /* Pods-EXIAD.debug.xcconfig */,
				DDEE58891C3E4C1A8CADAA6A /* Pods-EXIAD.release.xcconfig */,
			);
			path = Pods;
			sourceTree = "<group>";
		};
/* End PBXGroup section */

/* Begin PBXNativeTarget section */
		846E25742AB7DFD300CA7224 /* EXIAD */ = {
			isa = PBXNativeTarget;
			buildConfigurationList = 846E25892AB7DFD500CA7224 /* Build configuration list for PBXNativeTarget "EXIAD" */;
			buildPhases = (
				D1F8FB544B56EA972886CD78 /* [CP] Check Pods Manifest.lock */,
				846E25712AB7DFD300CA7224 /* Sources */,
				846E25722AB7DFD300CA7224 /* Frameworks */,
				846E25732AB7DFD300CA7224 /* Resources */,
				A7413BEA9CF94DD3307FD26F /* [CP] Copy Pods Resources */,
			);
			buildRules = (
			);
			dependencies = (
			);
			name = EXIAD;
			productName = EXIAD;
			productReference = 846E25752AB7DFD300CA7224 /* EXIAD.app */;
			productType = "com.apple.product-type.application";
		};
/* End PBXNativeTarget section */

/* Begin PBXProject section */
		846E256D2AB7DFD300CA7224 /* Project object */ = {
			isa = PBXProject;
			attributes = {
				BuildIndependentTargetsInParallel = 1;
				LastSwiftUpdateCheck = 1430;
				LastUpgradeCheck = 1430;
				TargetAttributes = {
					846E25742AB7DFD300CA7224 = {
						CreatedOnToolsVersion = 14.3.1;
					};
				};
			};
			buildConfigurationList = 846E25702AB7DFD300CA7224 /* Build configuration list for PBXProject "EXIAD" */;
			compatibilityVersion = "Xcode 14.0";
			developmentRegion = en;
			hasScannedForEncodings = 0;
			knownRegions = (
				en,
				Base,
			);
			mainGroup = 846E256C2AB7DFD300CA7224;
			productRefGroup = 846E25762AB7DFD300CA7224 /* Products */;
			projectDirPath = "";
			projectRoot = "";
			targets = (
				846E25742AB7DFD300CA7224 /* EXIAD */,
			);
		};
/* End PBXProject section */

/* Begin PBXResourcesBuildPhase section */
		846E25732AB7DFD300CA7224 /* Resources */ = {
			isa = PBXResourcesBuildPhase;
			buildActionMask = 2147483647;
			files = (
				846E25852AB7DFD500CA7224 /* LaunchScreen.storyboard in Resources */,
				846E25822AB7DFD500CA7224 /* Assets.xcassets in Resources */,
				846E25802AB7DFD300CA7224 /* Main.storyboard in Resources */,
			);
			runOnlyForDeploymentPostprocessing = 0;
		};
/* End PBXResourcesBuildPhase section */

/* Begin PBXShellScriptBuildPhase section */
		A7413BEA9CF94DD3307FD26F /* [CP] Copy Pods Resources */ = {
			isa = PBXShellScriptBuildPhase;
			buildActionMask = 2147483647;
			files = (
			);
			inputFileListPaths = (
				"${PODS_ROOT}/Target Support Files/Pods-EXIAD/Pods-EXIAD-resources-${CONFIGURATION}-input-files.xcfilelist",
			);
			name = "[CP] Copy Pods Resources";
			outputFileListPaths = (
				"${PODS_ROOT}/Target Support Files/Pods-EXIAD/Pods-EXIAD-resources-${CONFIGURATION}-output-files.xcfilelist",
			);
			runOnlyForDeploymentPostprocessing = 0;
			shellPath = /bin/sh;
			shellScript = "\"${PODS_ROOT}/Target Support Files/Pods-EXIAD/Pods-EXIAD-resources.sh\"\n";
			showEnvVarsInLog = 0;
		};
		D1F8FB544B56EA972886CD78 /* [CP] Check Pods Manifest.lock */ = {
			isa = PBXShellScriptBuildPhase;
			buildActionMask = 2147483647;
			files = (
			);
			inputFileListPaths = (
			);
			inputPaths = (
				"${PODS_PODFILE_DIR_PATH}/Podfile.lock",
				"${PODS_ROOT}/Manifest.lock",
			);
			name = "[CP] Check Pods Manifest.lock";
			outputFileListPaths = (
			);
			outputPaths = (
				"$(DERIVED_FILE_DIR)/Pods-EXIAD-checkManifestLockResult.txt",
			);
			runOnlyForDeploymentPostprocessing = 0;
			shellPath = /bin/sh;
			shellScript = "diff \"${PODS_PODFILE_DIR_PATH}/Podfile.lock\" \"${PODS_ROOT}/Manifest.lock\" > /dev/null\nif [ $? != 0 ] ; then\n    # print error to STDERR\n    echo \"error: The sandbox is not in sync with the Podfile.lock. Run 'pod install' or update your CocoaPods installation.\" >&2\n    exit 1\nfi\n# This output is used by Xcode 'outputs' to avoid re-running this script phase.\necho \"SUCCESS\" > \"${SCRIPT_OUTPUT_FILE_0}\"\n";
			showEnvVarsInLog = 0;
		};
/* End PBXShellScriptBuildPhase section */

/* Begin PBXSourcesBuildPhase section */
		846E25712AB7DFD300CA7224 /* Sources */ = {
			isa = PBXSourcesBuildPhase;
			buildActionMask = 2147483647;
			files = (
				846E257D2AB7DFD300CA7224 /* ViewController.swift in Sources */,
				846E25792AB7DFD300CA7224 /* AppDelegate.swift in Sources */,
				846E257B2AB7DFD300CA7224 /* SceneDelegate.swift in Sources */,
			);
			runOnlyForDeploymentPostprocessing = 0;
		};
/* End PBXSourcesBuildPhase section */

/* Begin PBXVariantGroup section */
		846E257E2AB7DFD300CA7224 /* Main.storyboard */ = {
			isa = PBXVariantGroup;
			children = (
				846E257F2AB7DFD300CA7224 /* Base */,
			);
			name = Main.storyboard;
			sourceTree = "<group>";
		};
		846E25832AB7DFD500CA7224 /* LaunchScreen.storyboard */ = {
			isa = PBXVariantGroup;
			children = (
				846E25842AB7DFD500CA7224 /* Base */,
			);
			name = LaunchScreen.storyboard;
			sourceTree = "<group>";
		};
/* End PBXVariantGroup section */

/* Begin XCBuildConfiguration section */
		846E25872AB7DFD500CA7224 /* Debug */ = {
			isa = XCBuildConfiguration;
			buildSettings = {
				ALWAYS_SEARCH_USER_PATHS = NO;
				CLANG_ANALYZER_NONNULL = YES;
				CLANG_ANALYZER_NUMBER_OBJECT_CONVERSION = YES_AGGRESSIVE;
				CLANG_CXX_LANGUAGE_STANDARD = "gnu++20";
				CLANG_ENABLE_MODULES = YES;
				CLANG_ENABLE_OBJC_ARC = YES;
				CLANG_ENABLE_OBJC_WEAK = YES;
				CLANG_WARN_BLOCK_CAPTURE_AUTORELEASING = YES;
				CLANG_WARN_BOOL_CONVERSION = YES;
				CLANG_WARN_COMMA = YES;
				CLANG_WARN_CONSTANT_CONVERSION = YES;
				CLANG_WARN_DEPRECATED_OBJC_IMPLEMENTATIONS = YES;
				CLANG_WARN_DIRECT_OBJC_ISA_USAGE = YES_ERROR;
				CLANG_WARN_DOCUMENTATION_COMMENTS = YES;
				CLANG_WARN_EMPTY_BODY = YES;
				CLANG_WARN_ENUM_CONVERSION = YES;
				CLANG_WARN_INFINITE_RECURSION = YES;
				CLANG_WARN_INT_CONVERSION = YES;
				CLANG_WARN_NON_LITERAL_NULL_CONVERSION = YES;
				CLANG_WARN_OBJC_IMPLICIT_RETAIN_SELF = YES;
				CLANG_WARN_OBJC_LITERAL_CONVERSION = YES;
				CLANG_WARN_OBJC_ROOT_CLASS = YES_ERROR;
				CLANG_WARN_QUOTED_INCLUDE_IN_FRAMEWORK_HEADER = YES;
				CLANG_WARN_RANGE_LOOP_ANALYSIS = YES;
				CLANG_WARN_STRICT_PROTOTYPES = YES;
				CLANG_WARN_SUSPICIOUS_MOVE = YES;
				CLANG_WARN_UNGUARDED_AVAILABILITY = YES_AGGRESSIVE;
				CLANG_WARN_UNREACHABLE_CODE = YES;
				CLANG_WARN__DUPLICATE_METHOD_MATCH = YES;
				COPY_PHASE_STRIP = NO;
				DEBUG_INFORMATION_FORMAT = dwarf;
				ENABLE_STRICT_OBJC_MSGSEND = YES;
				ENABLE_TESTABILITY = YES;
				GCC_C_LANGUAGE_STANDARD = gnu11;
				GCC_DYNAMIC_NO_PIC = NO;
				GCC_NO_COMMON_BLOCKS = YES;
				GCC_OPTIMIZATION_LEVEL = 0;
				GCC_PREPROCESSOR_DEFINITIONS = (
					"DEBUG=1",
					"$(inherited)",
				);
				GCC_WARN_64_TO_32_BIT_CONVERSION = YES;
				GCC_WARN_ABOUT_RETURN_TYPE = YES_ERROR;
				GCC_WARN_UNDECLARED_SELECTOR = YES;
				GCC_WARN_UNINITIALIZED_AUTOS = YES_AGGRESSIVE;
				GCC_WARN_UNUSED_FUNCTION = YES;
				GCC_WARN_UNUSED_VARIABLE = YES;
				IPHONEOS_DEPLOYMENT_TARGET = 13.0;
				MTL_ENABLE_DEBUG_INFO = INCLUDE_SOURCE;
				MTL_FAST_MATH = YES;
				ONLY_ACTIVE_ARCH = YES;
				SDKROOT = iphoneos;
				SWIFT_ACTIVE_COMPILATION_CONDITIONS = DEBUG;
				SWIFT_OPTIMIZATION_LEVEL = "-Onone";
			};
			name = Debug;
		};
		846E25882AB7DFD500CA7224 /* Release */ = {
			isa = XCBuildConfiguration;
			buildSettings = {
				ALWAYS_SEARCH_USER_PATHS = NO;
				CLANG_ANALYZER_NONNULL = YES;
				CLANG_ANALYZER_NUMBER_OBJECT_CONVERSION = YES_AGGRESSIVE;
				CLANG_CXX_LANGUAGE_STANDARD = "gnu++20";
				CLANG_ENABLE_MODULES = YES;
				CLANG_ENABLE_OBJC_ARC = YES;
				CLANG_ENABLE_OBJC_WEAK = YES;
				CLANG_WARN_BLOCK_CAPTURE_AUTORELEASING = YES;
				CLANG_WARN_BOOL_CONVERSION = YES;
				CLANG_WARN_COMMA = YES;
				CLANG_WARN_CONSTANT_CONVERSION = YES;
				CLANG_WARN_DEPRECATED_OBJC_IMPLEMENTATIONS = YES;
				CLANG_WARN_DIRECT_OBJC_ISA_USAGE = YES_ERROR;
				CLANG_WARN_DOCUMENTATION_COMMENTS = YES;
				CLANG_WARN_EMPTY_BODY = YES;
				CLANG_WARN_ENUM_CONVERSION = YES;
				CLANG_WARN_INFINITE_RECURSION = YES;
				CLANG_WARN_INT_CONVERSION = YES;
				CLANG_WARN_NON_LITERAL_NULL_CONVERSION = YES;
				CLANG_WARN_OBJC_IMPLICIT_RETAIN_SELF = YES;
				CLANG_WARN_OBJC_LITERAL_CONVERSION = YES;
				CLANG_WARN_OBJC_ROOT_CLASS = YES_ERROR;
				CLANG_WARN_QUOTED_INCLUDE_IN_FRAMEWORK_HEADER = YES;
				CLANG_WARN_RANGE_LOOP_ANALYSIS = YES;
				CLANG_WARN_STRICT_PROTOTYPES = YES;
				CLANG_WARN_SUSPICIOUS_MOVE = YES;
				CLANG_WARN_UNGUARDED_AVAILABILITY = YES_AGGRESSIVE;
				CLANG_WARN_UNREACHABLE_CODE = YES;
				CLANG_WARN__DUPLICATE_METHOD_MATCH = YES;
				COPY_PHASE_STRIP = NO;
				DEBUG_INFORMATION_FORMAT = "dwarf-with-dsym";
				ENABLE_NS_ASSERTIONS = NO;
				ENABLE_STRICT_OBJC_MSGSEND = YES;
				GCC_C_LANGUAGE_STANDARD = gnu11;
				GCC_NO_COMMON_BLOCKS = YES;
				GCC_WARN_64_TO_32_BIT_CONVERSION = YES;
				GCC_WARN_ABOUT_RETURN_TYPE = YES_ERROR;
				GCC_WARN_UNDECLARED_SELECTOR = YES;
				GCC_WARN_UNINITIALIZED_AUTOS = YES_AGGRESSIVE;
				GCC_WARN_UNUSED_FUNCTION = YES;
				GCC_WARN_UNUSED_VARIABLE = YES;
				IPHONEOS_DEPLOYMENT_TARGET = 13.0;
				MTL_ENABLE_DEBUG_INFO = NO;
				MTL_FAST_MATH = YES;
				SDKROOT = iphoneos;
				SWIFT_COMPILATION_MODE = wholemodule;
				SWIFT_OPTIMIZATION_LEVEL = "-O";
				VALIDATE_PRODUCT = YES;
			};
			name = Release;
		};
		846E258A2AB7DFD500CA7224 /* Debug */ = {
			isa = XCBuildConfiguration;
			baseConfigurationReference = F767FD24EB75D4CCE0D193F1 /* Pods-EXIAD.debug.xcconfig */;
			buildSettings = {
				ASSETCATALOG_COMPILER_APPICON_NAME = AppIcon;
				ASSETCATALOG_COMPILER_GLOBAL_ACCENT_COLOR_NAME = AccentColor;
				CODE_SIGN_STYLE = Automatic;
				CURRENT_PROJECT_VERSION = 1;
				DEVELOPMENT_TEAM = Q4A4V4D58Q;
				GENERATE_INFOPLIST_FILE = YES;
				INFOPLIST_FILE = EXIAD/Info.plist;
				INFOPLIST_KEY_UIApplicationSupportsIndirectInputEvents = YES;
				INFOPLIST_KEY_UILaunchStoryboardName = LaunchScreen;
				INFOPLIST_KEY_UIMainStoryboardFile = Main;
				INFOPLIST_KEY_UISupportedInterfaceOrientations_iPad = "UIInterfaceOrientationPortrait UIInterfaceOrientationPortraitUpsideDown UIInterfaceOrientationLandscapeLeft UIInterfaceOrientationLandscapeRight";
				INFOPLIST_KEY_UISupportedInterfaceOrientations_iPhone = "UIInterfaceOrientationPortrait UIInterfaceOrientationLandscapeLeft UIInterfaceOrientationLandscapeRight";
				LD_RUNPATH_SEARCH_PATHS = (
					"$(inherited)",
					"@executable_path/Frameworks",
				);
				MARKETING_VERSION = 1.0;
				PRODUCT_BUNDLE_IDENTIFIER = com.luck.dev.ios;
				PRODUCT_NAME = "$(TARGET_NAME)";
				SWIFT_EMIT_LOC_STRINGS = YES;
				SWIFT_VERSION = 5.0;
				TARGETED_DEVICE_FAMILY = "1,2";
			};
			name = Debug;
		};
		846E258B2AB7DFD500CA7224 /* Release */ = {
			isa = XCBuildConfiguration;
			baseConfigurationReference = DDEE58891C3E4C1A8CADAA6A /* Pods-EXIAD.release.xcconfig */;
			buildSettings = {
				ASSETCATALOG_COMPILER_APPICON_NAME = AppIcon;
				ASSETCATALOG_COMPILER_GLOBAL_ACCENT_COLOR_NAME = AccentColor;
				CODE_SIGN_STYLE = Automatic;
				CURRENT_PROJECT_VERSION = 1;
				DEVELOPMENT_TEAM = Q4A4V4D58Q;
				GENERATE_INFOPLIST_FILE = YES;
				INFOPLIST_FILE = EXIAD/Info.plist;
				INFOPLIST_KEY_UIApplicationSupportsIndirectInputEvents = YES;
				INFOPLIST_KEY_UILaunchStoryboardName = LaunchScreen;
				INFOPLIST_KEY_UIMainStoryboardFile = Main;
				INFOPLIST_KEY_UISupportedInterfaceOrientations_iPad = "UIInterfaceOrientationPortrait UIInterfaceOrientationPortraitUpsideDown UIInterfaceOrientationLandscapeLeft UIInterfaceOrientationLandscapeRight";
				INFOPLIST_KEY_UISupportedInterfaceOrientations_iPhone = "UIInterfaceOrientationPortrait UIInterfaceOrientationLandscapeLeft UIInterfaceOrientationLandscapeRight";
				LD_RUNPATH_SEARCH_PATHS = (
					"$(inherited)",
					"@executable_path/Frameworks",
				);
				MARKETING_VERSION = 1.0;
				PRODUCT_BUNDLE_IDENTIFIER = com.luck.dev.ios;
				PRODUCT_NAME = "$(TARGET_NAME)";
				SWIFT_EMIT_LOC_STRINGS = YES;
				SWIFT_VERSION = 5.0;
				TARGETED_DEVICE_FAMILY = "1,2";
			};
			name = Release;
		};
/* End XCBuildConfiguration section */

/* Begin XCConfigurationList section */
		846E25702AB7DFD300CA7224 /* Build configuration list for PBXProject "EXIAD" */ = {
			isa = XCConfigurationList;
			buildConfigurations = (
				846E25872AB7DFD500CA7224 /* Debug */,
				846E25882AB7DFD500CA7224 /* Release */,
			);
			defaultConfigurationIsVisible = 0;
			defaultConfigurationName = Release;
		};
		846E25892AB7DFD500CA7224 /* Build configuration list for PBXNativeTarget "EXIAD" */ = {
			isa = XCConfigurationList;
			buildConfigurations = (
				846E258A2AB7DFD500CA7224 /* Debug */,
				846E258B2AB7DFD500CA7224 /* Release */,
			);
			defaultConfigurationIsVisible = 0;
			defaultConfigurationName = Release;
		};
/* End XCConfigurationList section */
	};
	rootObject = 846E256D2AB7DFD300CA7224 /* Project object */;
}
