// !$*UTF8*$!
{
	archiveVersion = 1;
	classes = {
	};
	objectVersion = 56;
	objects = {

/* Begin PBXBuildFile section */
		28A0D1A304D54228EADAD770 /* Pods_EXProgressView.framework in Frameworks */ = {isa = PBXBuildFile; fileRef = 2D0764E0C7DEC415009C39C4 /* Pods_EXProgressView.framework */; };
		848F6A402AD123E1003EA369 /* AppDelegate.swift in Sources */ = {isa = PBXBuildFile; fileRef = 848F6A3F2AD123E1003EA369 /* AppDelegate.swift */; };
		848F6A422AD123E1003EA369 /* SceneDelegate.swift in Sources */ = {isa = PBXBuildFile; fileRef = 848F6A412AD123E1003EA369 /* SceneDelegate.swift */; };
		848F6A442AD123E1003EA369 /* ViewController.swift in Sources */ = {isa = PBXBuildFile; fileRef = 848F6A432AD123E1003EA369 /* ViewController.swift */; };
		848F6A472AD123E1003EA369 /* Main.storyboard in Resources */ = {isa = PBXBuildFile; fileRef = 848F6A452AD123E1003EA369 /* Main.storyboard */; };
		848F6A492AD123E3003EA369 /* Assets.xcassets in Resources */ = {isa = PBXBuildFile; fileRef = 848F6A482AD123E3003EA369 /* Assets.xcassets */; };
		848F6A4C2AD123E3003EA369 /* LaunchScreen.storyboard in Resources */ = {isa = PBXBuildFile; fileRef = 848F6A4A2AD123E3003EA369 /* LaunchScreen.storyboard */; };
		848F6A572AD123E3003EA369 /* EXProgressViewTests.swift in Sources */ = {isa = PBXBuildFile; fileRef = 848F6A562AD123E3003EA369 /* EXProgressViewTests.swift */; };
		848F6A612AD123E3003EA369 /* EXProgressViewUITests.swift in Sources */ = {isa = PBXBuildFile; fileRef = 848F6A602AD123E3003EA369 /* EXProgressViewUITests.swift */; };
		848F6A632AD123E3003EA369 /* EXProgressViewUITestsLaunchTests.swift in Sources */ = {isa = PBXBuildFile; fileRef = 848F6A622AD123E3003EA369 /* EXProgressViewUITestsLaunchTests.swift */; };
/* End PBXBuildFile section */

/* Begin PBXContainerItemProxy section */
		848F6A532AD123E3003EA369 /* PBXContainerItemProxy */ = {
			isa = PBXContainerItemProxy;
			containerPortal = 848F6A342AD123E1003EA369 /* Project object */;
			proxyType = 1;
			remoteGlobalIDString = 848F6A3B2AD123E1003EA369;
			remoteInfo = EXProgressView;
		};
		848F6A5D2AD123E3003EA369 /* PBXContainerItemProxy */ = {
			isa = PBXContainerItemProxy;
			containerPortal = 848F6A342AD123E1003EA369 /* Project object */;
			proxyType = 1;
			remoteGlobalIDString = 848F6A3B2AD123E1003EA369;
			remoteInfo = EXProgressView;
		};
/* End PBXContainerItemProxy section */

/* Begin PBXFileReference section */
		2D0764E0C7DEC415009C39C4 /* Pods_EXProgressView.framework */ = {isa = PBXFileReference; explicitFileType = wrapper.framework; includeInIndex = 0; path = Pods_EXProgressView.framework; sourceTree = BUILT_PRODUCTS_DIR; };
		71D2671E0588CB2B6294E8E1 /* Pods-EXProgressView.debug.xcconfig */ = {isa = PBXFileReference; includeInIndex = 1; lastKnownFileType = text.xcconfig; name = "Pods-EXProgressView.debug.xcconfig"; path = "Target Support Files/Pods-EXProgressView/Pods-EXProgressView.debug.xcconfig"; sourceTree = "<group>"; };
		848F6A3C2AD123E1003EA369 /* EXProgressView.app */ = {isa = PBXFileReference; explicitFileType = wrapper.application; includeInIndex = 0; path = EXProgressView.app; sourceTree = BUILT_PRODUCTS_DIR; };
		848F6A3F2AD123E1003EA369 /* AppDelegate.swift */ = {isa = PBXFileReference; lastKnownFileType = sourcecode.swift; path = AppDelegate.swift; sourceTree = "<group>"; };
		848F6A412AD123E1003EA369 /* SceneDelegate.swift */ = {isa = PBXFileReference; lastKnownFileType = sourcecode.swift; path = SceneDelegate.swift; sourceTree = "<group>"; };
		848F6A432AD123E1003EA369 /* ViewController.swift */ = {isa = PBXFileReference; lastKnownFileType = sourcecode.swift; path = ViewController.swift; sourceTree = "<group>"; };
		848F6A462AD123E1003EA369 /* Base */ = {isa = PBXFileReference; lastKnownFileType = file.storyboard; name = Base; path = Base.lproj/Main.storyboard; sourceTree = "<group>"; };
		848F6A482AD123E3003EA369 /* Assets.xcassets */ = {isa = PBXFileReference; lastKnownFileType = folder.assetcatalog; path = Assets.xcassets; sourceTree = "<group>"; };
		848F6A4B2AD123E3003EA369 /* Base */ = {isa = PBXFileReference; lastKnownFileType = file.storyboard; name = Base; path = Base.lproj/LaunchScreen.storyboard; sourceTree = "<group>"; };
		848F6A4D2AD123E3003EA369 /* Info.plist */ = {isa = PBXFileReference; lastKnownFileType = text.plist.xml; path = Info.plist; sourceTree = "<group>"; };
		848F6A522AD123E3003EA369 /* EXProgressViewTests.xctest */ = {isa = PBXFileReference; explicitFileType = wrapper.cfbundle; includeInIndex = 0; path = EXProgressViewTests.xctest; sourceTree = BUILT_PRODUCTS_DIR; };
		848F6A562AD123E3003EA369 /* EXProgressViewTests.swift */ = {isa = PBXFileReference; lastKnownFileType = sourcecode.swift; path = EXProgressViewTests.swift; sourceTree = "<group>"; };
		848F6A5C2AD123E3003EA369 /* EXProgressViewUITests.xctest */ = {isa = PBXFileReference; explicitFileType = wrapper.cfbundle; includeInIndex = 0; path = EXProgressViewUITests.xctest; sourceTree = BUILT_PRODUCTS_DIR; };
		848F6A602AD123E3003EA369 /* EXProgressViewUITests.swift */ = {isa = PBXFileReference; lastKnownFileType = sourcecode.swift; path = EXProgressViewUITests.swift; sourceTree = "<group>"; };
		848F6A622AD123E3003EA369 /* EXProgressViewUITestsLaunchTests.swift */ = {isa = PBXFileReference; lastKnownFileType = sourcecode.swift; path = EXProgressViewUITestsLaunchTests.swift; sourceTree = "<group>"; };
		99291B92F25F908B620D66AD /* Pods-EXProgressView.release.xcconfig */ = {isa = PBXFileReference; includeInIndex = 1; lastKnownFileType = text.xcconfig; name = "Pods-EXProgressView.release.xcconfig"; path = "Target Support Files/Pods-EXProgressView/Pods-EXProgressView.release.xcconfig"; sourceTree = "<group>"; };
/* End PBXFileReference section */

/* Begin PBXFrameworksBuildPhase section */
		848F6A392AD123E1003EA369 /* Frameworks */ = {
			isa = PBXFrameworksBuildPhase;
			buildActionMask = 2147483647;
			files = (
				28A0D1A304D54228EADAD770 /* Pods_EXProgressView.framework in Frameworks */,
			);
			runOnlyForDeploymentPostprocessing = 0;
		};
		848F6A4F2AD123E3003EA369 /* Frameworks */ = {
			isa = PBXFrameworksBuildPhase;
			buildActionMask = 2147483647;
			files = (
			);
			runOnlyForDeploymentPostprocessing = 0;
		};
		848F6A592AD123E3003EA369 /* Frameworks */ = {
			isa = PBXFrameworksBuildPhase;
			buildActionMask = 2147483647;
			files = (
			);
			runOnlyForDeploymentPostprocessing = 0;
		};
/* End PBXFrameworksBuildPhase section */

/* Begin PBXGroup section */
		14A16022D0A2097995914432 /* Frameworks */ = {
			isa = PBXGroup;
			children = (
				2D0764E0C7DEC415009C39C4 /* Pods_EXProgressView.framework */,
			);
			name = Frameworks;
			sourceTree = "<group>";
		};
		4C091CD46A8DE0A8F893DE3D /* Pods */ = {
			isa = PBXGroup;
			children = (
				71D2671E0588CB2B6294E8E1 /* Pods-EXProgressView.debug.xcconfig */,
				99291B92F25F908B620D66AD /* Pods-EXProgressView.release.xcconfig */,
			);
			name = Pods;
			path = Pods;
			sourceTree = "<group>";
		};
		848F6A332AD123E1003EA369 = {
			isa = PBXGroup;
			children = (
				848F6A3E2AD123E1003EA369 /* EXProgressView */,
				848F6A552AD123E3003EA369 /* EXProgressViewTests */,
				848F6A5F2AD123E3003EA369 /* EXProgressViewUITests */,
				848F6A3D2AD123E1003EA369 /* Products */,
				4C091CD46A8DE0A8F893DE3D /* Pods */,
				14A16022D0A2097995914432 /* Frameworks */,
			);
			sourceTree = "<group>";
		};
		848F6A3D2AD123E1003EA369 /* Products */ = {
			isa = PBXGroup;
			children = (
				848F6A3C2AD123E1003EA369 /* EXProgressView.app */,
				848F6A522AD123E3003EA369 /* EXProgressViewTests.xctest */,
				848F6A5C2AD123E3003EA369 /* EXProgressViewUITests.xctest */,
			);
			name = Products;
			sourceTree = "<group>";
		};
		848F6A3E2AD123E1003EA369 /* EXProgressView */ = {
			isa = PBXGroup;
			children = (
				848F6A3F2AD123E1003EA369 /* AppDelegate.swift */,
				848F6A412AD123E1003EA369 /* SceneDelegate.swift */,
				848F6A432AD123E1003EA369 /* ViewController.swift */,
				848F6A452AD123E1003EA369 /* Main.storyboard */,
				848F6A482AD123E3003EA369 /* Assets.xcassets */,
				848F6A4A2AD123E3003EA369 /* LaunchScreen.storyboard */,
				848F6A4D2AD123E3003EA369 /* Info.plist */,
			);
			path = EXProgressView;
			sourceTree = "<group>";
		};
		848F6A552AD123E3003EA369 /* EXProgressViewTests */ = {
			isa = PBXGroup;
			children = (
				848F6A562AD123E3003EA369 /* EXProgressViewTests.swift */,
			);
			path = EXProgressViewTests;
			sourceTree = "<group>";
		};
		848F6A5F2AD123E3003EA369 /* EXProgressViewUITests */ = {
			isa = PBXGroup;
			children = (
				848F6A602AD123E3003EA369 /* EXProgressViewUITests.swift */,
				848F6A622AD123E3003EA369 /* EXProgressViewUITestsLaunchTests.swift */,
			);
			path = EXProgressViewUITests;
			sourceTree = "<group>";
		};
/* End PBXGroup section */

/* Begin PBXNativeTarget section */
		848F6A3B2AD123E1003EA369 /* EXProgressView */ = {
			isa = PBXNativeTarget;
			buildConfigurationList = 848F6A662AD123E3003EA369 /* Build configuration list for PBXNativeTarget "EXProgressView" */;
			buildPhases = (
				C598AE2AF921B5890DEEC8FA /* [CP] Check Pods Manifest.lock */,
				848F6A382AD123E1003EA369 /* Sources */,
				848F6A392AD123E1003EA369 /* Frameworks */,
				848F6A3A2AD123E1003EA369 /* Resources */,
			);
			buildRules = (
			);
			dependencies = (
			);
			name = EXProgressView;
			productName = EXProgressView;
			productReference = 848F6A3C2AD123E1003EA369 /* EXProgressView.app */;
			productType = "com.apple.product-type.application";
		};
		848F6A512AD123E3003EA369 /* EXProgressViewTests */ = {
			isa = PBXNativeTarget;
			buildConfigurationList = 848F6A692AD123E3003EA369 /* Build configuration list for PBXNativeTarget "EXProgressViewTests" */;
			buildPhases = (
				848F6A4E2AD123E3003EA369 /* Sources */,
				848F6A4F2AD123E3003EA369 /* Frameworks */,
				848F6A502AD123E3003EA369 /* Resources */,
			);
			buildRules = (
			);
			dependencies = (
				848F6A542AD123E3003EA369 /* PBXTargetDependency */,
			);
			name = EXProgressViewTests;
			productName = EXProgressViewTests;
			productReference = 848F6A522AD123E3003EA369 /* EXProgressViewTests.xctest */;
			productType = "com.apple.product-type.bundle.unit-test";
		};
		848F6A5B2AD123E3003EA369 /* EXProgressViewUITests */ = {
			isa = PBXNativeTarget;
			buildConfigurationList = 848F6A6C2AD123E3003EA369 /* Build configuration list for PBXNativeTarget "EXProgressViewUITests" */;
			buildPhases = (
				848F6A582AD123E3003EA369 /* Sources */,
				848F6A592AD123E3003EA369 /* Frameworks */,
				848F6A5A2AD123E3003EA369 /* Resources */,
			);
			buildRules = (
			);
			dependencies = (
				848F6A5E2AD123E3003EA369 /* PBXTargetDependency */,
			);
			name = EXProgressViewUITests;
			productName = EXProgressViewUITests;
			productReference = 848F6A5C2AD123E3003EA369 /* EXProgressViewUITests.xctest */;
			productType = "com.apple.product-type.bundle.ui-testing";
		};
/* End PBXNativeTarget section */

/* Begin PBXProject section */
		848F6A342AD123E1003EA369 /* Project object */ = {
			isa = PBXProject;
			attributes = {
				BuildIndependentTargetsInParallel = 1;
				LastSwiftUpdateCheck = 1500;
				LastUpgradeCheck = 1500;
				TargetAttributes = {
					848F6A3B2AD123E1003EA369 = {
						CreatedOnToolsVersion = 15.0;
					};
					848F6A512AD123E3003EA369 = {
						CreatedOnToolsVersion = 15.0;
						TestTargetID = 848F6A3B2AD123E1003EA369;
					};
					848F6A5B2AD123E3003EA369 = {
						CreatedOnToolsVersion = 15.0;
						TestTargetID = 848F6A3B2AD123E1003EA369;
					};
				};
			};
			buildConfigurationList = 848F6A372AD123E1003EA369 /* Build configuration list for PBXProject "EXProgressView" */;
			compatibilityVersion = "Xcode 14.0";
			developmentRegion = en;
			hasScannedForEncodings = 0;
			knownRegions = (
				en,
				Base,
			);
			mainGroup = 848F6A332AD123E1003EA369;
			productRefGroup = 848F6A3D2AD123E1003EA369 /* Products */;
			projectDirPath = "";
			projectRoot = "";
			targets = (
				848F6A3B2AD123E1003EA369 /* EXProgressView */,
				848F6A512AD123E3003EA369 /* EXProgressViewTests */,
				848F6A5B2AD123E3003EA369 /* EXProgressViewUITests */,
			);
		};
/* End PBXProject section */

/* Begin PBXResourcesBuildPhase section */
		848F6A3A2AD123E1003EA369 /* Resources */ = {
			isa = PBXResourcesBuildPhase;
			buildActionMask = 2147483647;
			files = (
				848F6A4C2AD123E3003EA369 /* LaunchScreen.storyboard in Resources */,
				848F6A492AD123E3003EA369 /* Assets.xcassets in Resources */,
				848F6A472AD123E1003EA369 /* Main.storyboard in Resources */,
			);
			runOnlyForDeploymentPostprocessing = 0;
		};
		848F6A502AD123E3003EA369 /* Resources */ = {
			isa = PBXResourcesBuildPhase;
			buildActionMask = 2147483647;
			files = (
			);
			runOnlyForDeploymentPostprocessing = 0;
		};
		848F6A5A2AD123E3003EA369 /* Resources */ = {
			isa = PBXResourcesBuildPhase;
			buildActionMask = 2147483647;
			files = (
			);
			runOnlyForDeploymentPostprocessing = 0;
		};
/* End PBXResourcesBuildPhase section */

/* Begin PBXShellScriptBuildPhase section */
		C598AE2AF921B5890DEEC8FA /* [CP] Check Pods Manifest.lock */ = {
			isa = PBXShellScriptBuildPhase;
			buildActionMask = 2147483647;
			files = (
			);
			inputFileListPaths = (
			);
			inputPaths = (
				"${PODS_PODFILE_DIR_PATH}/Podfile.lock",
				"${PODS_ROOT}/Manifest.lock",
			);
			name = "[CP] Check Pods Manifest.lock";
			outputFileListPaths = (
			);
			outputPaths = (
				"$(DERIVED_FILE_DIR)/Pods-EXProgressView-checkManifestLockResult.txt",
			);
			runOnlyForDeploymentPostprocessing = 0;
			shellPath = /bin/sh;
			shellScript = "diff \"${PODS_PODFILE_DIR_PATH}/Podfile.lock\" \"${PODS_ROOT}/Manifest.lock\" > /dev/null\nif [ $? != 0 ] ; then\n    # print error to STDERR\n    echo \"error: The sandbox is not in sync with the Podfile.lock. Run 'pod install' or update your CocoaPods installation.\" >&2\n    exit 1\nfi\n# This output is used by Xcode 'outputs' to avoid re-running this script phase.\necho \"SUCCESS\" > \"${SCRIPT_OUTPUT_FILE_0}\"\n";
			showEnvVarsInLog = 0;
		};
/* End PBXShellScriptBuildPhase section */

/* Begin PBXSourcesBuildPhase section */
		848F6A382AD123E1003EA369 /* Sources */ = {
			isa = PBXSourcesBuildPhase;
			buildActionMask = 2147483647;
			files = (
				848F6A442AD123E1003EA369 /* ViewController.swift in Sources */,
				848F6A402AD123E1003EA369 /* AppDelegate.swift in Sources */,
				848F6A422AD123E1003EA369 /* SceneDelegate.swift in Sources */,
			);
			runOnlyForDeploymentPostprocessing = 0;
		};
		848F6A4E2AD123E3003EA369 /* Sources */ = {
			isa = PBXSourcesBuildPhase;
			buildActionMask = 2147483647;
			files = (
				848F6A572AD123E3003EA369 /* EXProgressViewTests.swift in Sources */,
			);
			runOnlyForDeploymentPostprocessing = 0;
		};
		848F6A582AD123E3003EA369 /* Sources */ = {
			isa = PBXSourcesBuildPhase;
			buildActionMask = 2147483647;
			files = (
				848F6A612AD123E3003EA369 /* EXProgressViewUITests.swift in Sources */,
				848F6A632AD123E3003EA369 /* EXProgressViewUITestsLaunchTests.swift in Sources */,
			);
			runOnlyForDeploymentPostprocessing = 0;
		};
/* End PBXSourcesBuildPhase section */

/* Begin PBXTargetDependency section */
		848F6A542AD123E3003EA369 /* PBXTargetDependency */ = {
			isa = PBXTargetDependency;
			target = 848F6A3B2AD123E1003EA369 /* EXProgressView */;
			targetProxy = 848F6A532AD123E3003EA369 /* PBXContainerItemProxy */;
		};
		848F6A5E2AD123E3003EA369 /* PBXTargetDependency */ = {
			isa = PBXTargetDependency;
			target = 848F6A3B2AD123E1003EA369 /* EXProgressView */;
			targetProxy = 848F6A5D2AD123E3003EA369 /* PBXContainerItemProxy */;
		};
/* End PBXTargetDependency section */

/* Begin PBXVariantGroup section */
		848F6A452AD123E1003EA369 /* Main.storyboard */ = {
			isa = PBXVariantGroup;
			children = (
				848F6A462AD123E1003EA369 /* Base */,
			);
			name = Main.storyboard;
			sourceTree = "<group>";
		};
		848F6A4A2AD123E3003EA369 /* LaunchScreen.storyboard */ = {
			isa = PBXVariantGroup;
			children = (
				848F6A4B2AD123E3003EA369 /* Base */,
			);
			name = LaunchScreen.storyboard;
			sourceTree = "<group>";
		};
/* End PBXVariantGroup section */

/* Begin XCBuildConfiguration section */
		848F6A642AD123E3003EA369 /* Debug */ = {
			isa = XCBuildConfiguration;
			buildSettings = {
				ALWAYS_SEARCH_USER_PATHS = NO;
				ASSETCATALOG_COMPILER_GENERATE_SWIFT_ASSET_SYMBOL_EXTENSIONS = YES;
				CLANG_ANALYZER_NONNULL = YES;
				CLANG_ANALYZER_NUMBER_OBJECT_CONVERSION = YES_AGGRESSIVE;
				CLANG_CXX_LANGUAGE_STANDARD = "gnu++20";
				CLANG_ENABLE_MODULES = YES;
				CLANG_ENABLE_OBJC_ARC = YES;
				CLANG_ENABLE_OBJC_WEAK = YES;
				CLANG_WARN_BLOCK_CAPTURE_AUTORELEASING = YES;
				CLANG_WARN_BOOL_CONVERSION = YES;
				CLANG_WARN_COMMA = YES;
				CLANG_WARN_CONSTANT_CONVERSION = YES;
				CLANG_WARN_DEPRECATED_OBJC_IMPLEMENTATIONS = YES;
				CLANG_WARN_DIRECT_OBJC_ISA_USAGE = YES_ERROR;
				CLANG_WARN_DOCUMENTATION_COMMENTS = YES;
				CLANG_WARN_EMPTY_BODY = YES;
				CLANG_WARN_ENUM_CONVERSION = YES;
				CLANG_WARN_INFINITE_RECURSION = YES;
				CLANG_WARN_INT_CONVERSION = YES;
				CLANG_WARN_NON_LITERAL_NULL_CONVERSION = YES;
				CLANG_WARN_OBJC_IMPLICIT_RETAIN_SELF = YES;
				CLANG_WARN_OBJC_LITERAL_CONVERSION = YES;
				CLANG_WARN_OBJC_ROOT_CLASS = YES_ERROR;
				CLANG_WARN_QUOTED_INCLUDE_IN_FRAMEWORK_HEADER = YES;
				CLANG_WARN_RANGE_LOOP_ANALYSIS = YES;
				CLANG_WARN_STRICT_PROTOTYPES = YES;
				CLANG_WARN_SUSPICIOUS_MOVE = YES;
				CLANG_WARN_UNGUARDED_AVAILABILITY = YES_AGGRESSIVE;
				CLANG_WARN_UNREACHABLE_CODE = YES;
				CLANG_WARN__DUPLICATE_METHOD_MATCH = YES;
				COPY_PHASE_STRIP = NO;
				DEBUG_INFORMATION_FORMAT = dwarf;
				ENABLE_STRICT_OBJC_MSGSEND = YES;
				ENABLE_TESTABILITY = YES;
				ENABLE_USER_SCRIPT_SANDBOXING = YES;
				GCC_C_LANGUAGE_STANDARD = gnu17;
				GCC_DYNAMIC_NO_PIC = NO;
				GCC_NO_COMMON_BLOCKS = YES;
				GCC_OPTIMIZATION_LEVEL = 0;
				GCC_PREPROCESSOR_DEFINITIONS = (
					"DEBUG=1",
					"$(inherited)",
				);
				GCC_WARN_64_TO_32_BIT_CONVERSION = YES;
				GCC_WARN_ABOUT_RETURN_TYPE = YES_ERROR;
				GCC_WARN_UNDECLARED_SELECTOR = YES;
				GCC_WARN_UNINITIALIZED_AUTOS = YES_AGGRESSIVE;
				GCC_WARN_UNUSED_FUNCTION = YES;
				GCC_WARN_UNUSED_VARIABLE = YES;
				IPHONEOS_DEPLOYMENT_TARGET = 17.0;
				LOCALIZATION_PREFERS_STRING_CATALOGS = YES;
				MTL_ENABLE_DEBUG_INFO = INCLUDE_SOURCE;
				MTL_FAST_MATH = YES;
				ONLY_ACTIVE_ARCH = YES;
				SDKROOT = iphoneos;
				SWIFT_ACTIVE_COMPILATION_CONDITIONS = "DEBUG $(inherited)";
				SWIFT_OPTIMIZATION_LEVEL = "-Onone";
			};
			name = Debug;
		};
		848F6A652AD123E3003EA369 /* Release */ = {
			isa = XCBuildConfiguration;
			buildSettings = {
				ALWAYS_SEARCH_USER_PATHS = NO;
				ASSETCATALOG_COMPILER_GENERATE_SWIFT_ASSET_SYMBOL_EXTENSIONS = YES;
				CLANG_ANALYZER_NONNULL = YES;
				CLANG_ANALYZER_NUMBER_OBJECT_CONVERSION = YES_AGGRESSIVE;
				CLANG_CXX_LANGUAGE_STANDARD = "gnu++20";
				CLANG_ENABLE_MODULES = YES;
				CLANG_ENABLE_OBJC_ARC = YES;
				CLANG_ENABLE_OBJC_WEAK = YES;
				CLANG_WARN_BLOCK_CAPTURE_AUTORELEASING = YES;
				CLANG_WARN_BOOL_CONVERSION = YES;
				CLANG_WARN_COMMA = YES;
				CLANG_WARN_CONSTANT_CONVERSION = YES;
				CLANG_WARN_DEPRECATED_OBJC_IMPLEMENTATIONS = YES;
				CLANG_WARN_DIRECT_OBJC_ISA_USAGE = YES_ERROR;
				CLANG_WARN_DOCUMENTATION_COMMENTS = YES;
				CLANG_WARN_EMPTY_BODY = YES;
				CLANG_WARN_ENUM_CONVERSION = YES;
				CLANG_WARN_INFINITE_RECURSION = YES;
				CLANG_WARN_INT_CONVERSION = YES;
				CLANG_WARN_NON_LITERAL_NULL_CONVERSION = YES;
				CLANG_WARN_OBJC_IMPLICIT_RETAIN_SELF = YES;
				CLANG_WARN_OBJC_LITERAL_CONVERSION = YES;
				CLANG_WARN_OBJC_ROOT_CLASS = YES_ERROR;
				CLANG_WARN_QUOTED_INCLUDE_IN_FRAMEWORK_HEADER = YES;
				CLANG_WARN_RANGE_LOOP_ANALYSIS = YES;
				CLANG_WARN_STRICT_PROTOTYPES = YES;
				CLANG_WARN_SUSPICIOUS_MOVE = YES;
				CLANG_WARN_UNGUARDED_AVAILABILITY = YES_AGGRESSIVE;
				CLANG_WARN_UNREACHABLE_CODE = YES;
				CLANG_WARN__DUPLICATE_METHOD_MATCH = YES;
				COPY_PHASE_STRIP = NO;
				DEBUG_INFORMATION_FORMAT = "dwarf-with-dsym";
				ENABLE_NS_ASSERTIONS = NO;
				ENABLE_STRICT_OBJC_MSGSEND = YES;
				ENABLE_USER_SCRIPT_SANDBOXING = YES;
				GCC_C_LANGUAGE_STANDARD = gnu17;
				GCC_NO_COMMON_BLOCKS = YES;
				GCC_WARN_64_TO_32_BIT_CONVERSION = YES;
				GCC_WARN_ABOUT_RETURN_TYPE = YES_ERROR;
				GCC_WARN_UNDECLARED_SELECTOR = YES;
				GCC_WARN_UNINITIALIZED_AUTOS = YES_AGGRESSIVE;
				GCC_WARN_UNUSED_FUNCTION = YES;
				GCC_WARN_UNUSED_VARIABLE = YES;
				IPHONEOS_DEPLOYMENT_TARGET = 17.0;
				LOCALIZATION_PREFERS_STRING_CATALOGS = YES;
				MTL_ENABLE_DEBUG_INFO = NO;
				MTL_FAST_MATH = YES;
				SDKROOT = iphoneos;
				SWIFT_COMPILATION_MODE = wholemodule;
				VALIDATE_PRODUCT = YES;
			};
			name = Release;
		};
		848F6A672AD123E3003EA369 /* Debug */ = {
			isa = XCBuildConfiguration;
			baseConfigurationReference = 71D2671E0588CB2B6294E8E1 /* Pods-EXProgressView.debug.xcconfig */;
			buildSettings = {
				ASSETCATALOG_COMPILER_APPICON_NAME = AppIcon;
				ASSETCATALOG_COMPILER_GLOBAL_ACCENT_COLOR_NAME = AccentColor;
				CODE_SIGN_STYLE = Automatic;
				CURRENT_PROJECT_VERSION = 1;
				GENERATE_INFOPLIST_FILE = YES;
				INFOPLIST_FILE = EXProgressView/Info.plist;
				INFOPLIST_KEY_UIApplicationSupportsIndirectInputEvents = YES;
				INFOPLIST_KEY_UILaunchStoryboardName = LaunchScreen;
				INFOPLIST_KEY_UIMainStoryboardFile = Main;
				INFOPLIST_KEY_UISupportedInterfaceOrientations_iPad = "UIInterfaceOrientationPortrait UIInterfaceOrientationPortraitUpsideDown UIInterfaceOrientationLandscapeLeft UIInterfaceOrientationLandscapeRight";
				INFOPLIST_KEY_UISupportedInterfaceOrientations_iPhone = "UIInterfaceOrientationPortrait UIInterfaceOrientationLandscapeLeft UIInterfaceOrientationLandscapeRight";
				LD_RUNPATH_SEARCH_PATHS = (
					"$(inherited)",
					"@executable_path/Frameworks",
				);
				MARKETING_VERSION = 1.0;
				PRODUCT_BUNDLE_IDENTIFIER = EX.EXProgressView;
				PRODUCT_NAME = "$(TARGET_NAME)";
				SWIFT_EMIT_LOC_STRINGS = YES;
				SWIFT_VERSION = 5.0;
				TARGETED_DEVICE_FAMILY = "1,2";
			};
			name = Debug;
		};
		848F6A682AD123E3003EA369 /* Release */ = {
			isa = XCBuildConfiguration;
			baseConfigurationReference = 99291B92F25F908B620D66AD /* Pods-EXProgressView.release.xcconfig */;
			buildSettings = {
				ASSETCATALOG_COMPILER_APPICON_NAME = AppIcon;
				ASSETCATALOG_COMPILER_GLOBAL_ACCENT_COLOR_NAME = AccentColor;
				CODE_SIGN_STYLE = Automatic;
				CURRENT_PROJECT_VERSION = 1;
				GENERATE_INFOPLIST_FILE = YES;
				INFOPLIST_FILE = EXProgressView/Info.plist;
				INFOPLIST_KEY_UIApplicationSupportsIndirectInputEvents = YES;
				INFOPLIST_KEY_UILaunchStoryboardName = LaunchScreen;
				INFOPLIST_KEY_UIMainStoryboardFile = Main;
				INFOPLIST_KEY_UISupportedInterfaceOrientations_iPad = "UIInterfaceOrientationPortrait UIInterfaceOrientationPortraitUpsideDown UIInterfaceOrientationLandscapeLeft UIInterfaceOrientationLandscapeRight";
				INFOPLIST_KEY_UISupportedInterfaceOrientations_iPhone = "UIInterfaceOrientationPortrait UIInterfaceOrientationLandscapeLeft UIInterfaceOrientationLandscapeRight";
				LD_RUNPATH_SEARCH_PATHS = (
					"$(inherited)",
					"@executable_path/Frameworks",
				);
				MARKETING_VERSION = 1.0;
				PRODUCT_BUNDLE_IDENTIFIER = EX.EXProgressView;
				PRODUCT_NAME = "$(TARGET_NAME)";
				SWIFT_EMIT_LOC_STRINGS = YES;
				SWIFT_VERSION = 5.0;
				TARGETED_DEVICE_FAMILY = "1,2";
			};
			name = Release;
		};
		848F6A6A2AD123E3003EA369 /* Debug */ = {
			isa = XCBuildConfiguration;
			buildSettings = {
				ALWAYS_EMBED_SWIFT_STANDARD_LIBRARIES = YES;
				BUNDLE_LOADER = "$(TEST_HOST)";
				CODE_SIGN_STYLE = Automatic;
				CURRENT_PROJECT_VERSION = 1;
				GENERATE_INFOPLIST_FILE = YES;
				IPHONEOS_DEPLOYMENT_TARGET = 17.0;
				MARKETING_VERSION = 1.0;
				PRODUCT_BUNDLE_IDENTIFIER = EX.EXProgressViewTests;
				PRODUCT_NAME = "$(TARGET_NAME)";
				SWIFT_EMIT_LOC_STRINGS = NO;
				SWIFT_VERSION = 5.0;
				TARGETED_DEVICE_FAMILY = "1,2";
				TEST_HOST = "$(BUILT_PRODUCTS_DIR)/EXProgressView.app/$(BUNDLE_EXECUTABLE_FOLDER_PATH)/EXProgressView";
			};
			name = Debug;
		};
		848F6A6B2AD123E3003EA369 /* Release */ = {
			isa = XCBuildConfiguration;
			buildSettings = {
				ALWAYS_EMBED_SWIFT_STANDARD_LIBRARIES = YES;
				BUNDLE_LOADER = "$(TEST_HOST)";
				CODE_SIGN_STYLE = Automatic;
				CURRENT_PROJECT_VERSION = 1;
				GENERATE_INFOPLIST_FILE = YES;
				IPHONEOS_DEPLOYMENT_TARGET = 17.0;
				MARKETING_VERSION = 1.0;
				PRODUCT_BUNDLE_IDENTIFIER = EX.EXProgressViewTests;
				PRODUCT_NAME = "$(TARGET_NAME)";
				SWIFT_EMIT_LOC_STRINGS = NO;
				SWIFT_VERSION = 5.0;
				TARGETED_DEVICE_FAMILY = "1,2";
				TEST_HOST = "$(BUILT_PRODUCTS_DIR)/EXProgressView.app/$(BUNDLE_EXECUTABLE_FOLDER_PATH)/EXProgressView";
			};
			name = Release;
		};
		848F6A6D2AD123E3003EA369 /* Debug */ = {
			isa = XCBuildConfiguration;
			buildSettings = {
				ALWAYS_EMBED_SWIFT_STANDARD_LIBRARIES = YES;
				CODE_SIGN_STYLE = Automatic;
				CURRENT_PROJECT_VERSION = 1;
				GENERATE_INFOPLIST_FILE = YES;
				MARKETING_VERSION = 1.0;
				PRODUCT_BUNDLE_IDENTIFIER = EX.EXProgressViewUITests;
				PRODUCT_NAME = "$(TARGET_NAME)";
				SWIFT_EMIT_LOC_STRINGS = NO;
				SWIFT_VERSION = 5.0;
				TARGETED_DEVICE_FAMILY = "1,2";
				TEST_TARGET_NAME = EXProgressView;
			};
			name = Debug;
		};
		848F6A6E2AD123E3003EA369 /* Release */ = {
			isa = XCBuildConfiguration;
			buildSettings = {
				ALWAYS_EMBED_SWIFT_STANDARD_LIBRARIES = YES;
				CODE_SIGN_STYLE = Automatic;
				CURRENT_PROJECT_VERSION = 1;
				GENERATE_INFOPLIST_FILE = YES;
				MARKETING_VERSION = 1.0;
				PRODUCT_BUNDLE_IDENTIFIER = EX.EXProgressViewUITests;
				PRODUCT_NAME = "$(TARGET_NAME)";
				SWIFT_EMIT_LOC_STRINGS = NO;
				SWIFT_VERSION = 5.0;
				TARGETED_DEVICE_FAMILY = "1,2";
				TEST_TARGET_NAME = EXProgressView;
			};
			name = Release;
		};
/* End XCBuildConfiguration section */

/* Begin XCConfigurationList section */
		848F6A372AD123E1003EA369 /* Build configuration list for PBXProject "EXProgressView" */ = {
			isa = XCConfigurationList;
			buildConfigurations = (
				848F6A642AD123E3003EA369 /* Debug */,
				848F6A652AD123E3003EA369 /* Release */,
			);
			defaultConfigurationIsVisible = 0;
			defaultConfigurationName = Release;
		};
		848F6A662AD123E3003EA369 /* Build configuration list for PBXNativeTarget "EXProgressView" */ = {
			isa = XCConfigurationList;
			buildConfigurations = (
				848F6A672AD123E3003EA369 /* Debug */,
				848F6A682AD123E3003EA369 /* Release */,
			);
			defaultConfigurationIsVisible = 0;
			defaultConfigurationName = Release;
		};
		848F6A692AD123E3003EA369 /* Build configuration list for PBXNativeTarget "EXProgressViewTests" */ = {
			isa = XCConfigurationList;
			buildConfigurations = (
				848F6A6A2AD123E3003EA369 /* Debug */,
				848F6A6B2AD123E3003EA369 /* Release */,
			);
			defaultConfigurationIsVisible = 0;
			defaultConfigurationName = Release;
		};
		848F6A6C2AD123E3003EA369 /* Build configuration list for PBXNativeTarget "EXProgressViewUITests" */ = {
			isa = XCConfigurationList;
			buildConfigurations = (
				848F6A6D2AD123E3003EA369 /* Debug */,
				848F6A6E2AD123E3003EA369 /* Release */,
			);
			defaultConfigurationIsVisible = 0;
			defaultConfigurationName = Release;
		};
/* End XCConfigurationList section */
	};
	rootObject = 848F6A342AD123E1003EA369 /* Project object */;
}
