// !$*UTF8*$!
{
	archiveVersion = 1;
	classes = {
	};
	objectVersion = 55;
	objects = {

/* Begin PBXBuildFile section */
		040BA9ED29EA8581005F1399 /* ad.json in Resources */ = {isa = PBXBuildFile; fileRef = 040BA9EB29EA8581005F1399 /* ad.json */; };
		040BA9EE29EA8581005F1399 /* AD.swift in Sources */ = {isa = PBXBuildFile; fileRef = 040BA9EC29EA8581005F1399 /* AD.swift */; };
		040BA9EF29EA858A005F1399 /* AD.swift in Sources */ = {isa = PBXBuildFile; fileRef = 040BA9EC29EA8581005F1399 /* AD.swift */; };
		040BA9F029EA858C005F1399 /* ad.json in Resources */ = {isa = PBXBuildFile; fileRef = 040BA9EB29EA8581005F1399 /* ad.json */; };
		040BAA0429EA9CDB005F1399 /* DataCender.swift in Sources */ = {isa = PBXBuildFile; fileRef = 040BAA0329EA9CDB005F1399 /* DataCender.swift */; };
		040BAA0829EAA1BA005F1399 /* DataCender.swift in Sources */ = {isa = PBXBuildFile; fileRef = 040BAA0329EA9CDB005F1399 /* DataCender.swift */; };
		0413D2D029EF87BC00DBD8B4 /* APICenter.swift in Sources */ = {isa = PBXBuildFile; fileRef = 0413D2CF29EF87BC00DBD8B4 /* APICenter.swift */; };
		0413D2D229EF8A7100DBD8B4 /* RealmAPI.swift in Sources */ = {isa = PBXBuildFile; fileRef = 0413D2D129EF8A7100DBD8B4 /* RealmAPI.swift */; };
		0413D2D329EF8BEF00DBD8B4 /* APICenter.swift in Sources */ = {isa = PBXBuildFile; fileRef = 0413D2CF29EF87BC00DBD8B4 /* APICenter.swift */; };
		0413D2D429EF8BF100DBD8B4 /* RealmAPI.swift in Sources */ = {isa = PBXBuildFile; fileRef = 0413D2D129EF8A7100DBD8B4 /* RealmAPI.swift */; };
		048B6ED429A99FBF0084D3F8 /* AppDelegate.swift in Sources */ = {isa = PBXBuildFile; fileRef = 048B6ED329A99FBF0084D3F8 /* AppDelegate.swift */; };
		048B6ED629A99FBF0084D3F8 /* SceneDelegate.swift in Sources */ = {isa = PBXBuildFile; fileRef = 048B6ED529A99FBF0084D3F8 /* SceneDelegate.swift */; };
		048B6ED829A99FBF0084D3F8 /* ViewController.swift in Sources */ = {isa = PBXBuildFile; fileRef = 048B6ED729A99FBF0084D3F8 /* ViewController.swift */; };
		048B6EDB29A99FBF0084D3F8 /* Main.storyboard in Resources */ = {isa = PBXBuildFile; fileRef = 048B6ED929A99FBF0084D3F8 /* Main.storyboard */; };
		048B6EDD29A99FC00084D3F8 /* Assets.xcassets in Resources */ = {isa = PBXBuildFile; fileRef = 048B6EDC29A99FC00084D3F8 /* Assets.xcassets */; };
		048B6EE029A99FC00084D3F8 /* LaunchScreen.storyboard in Resources */ = {isa = PBXBuildFile; fileRef = 048B6EDE29A99FC00084D3F8 /* LaunchScreen.storyboard */; };
		048B6F0029A9A0FE0084D3F8 /* ViewController.swift in Sources */ = {isa = PBXBuildFile; fileRef = 048B6ED729A99FBF0084D3F8 /* ViewController.swift */; };
		048B6F0129A9A0FE0084D3F8 /* SceneDelegate.swift in Sources */ = {isa = PBXBuildFile; fileRef = 048B6ED529A99FBF0084D3F8 /* SceneDelegate.swift */; };
		048B6F0229A9A0FE0084D3F8 /* AppDelegate.swift in Sources */ = {isa = PBXBuildFile; fileRef = 048B6ED329A99FBF0084D3F8 /* AppDelegate.swift */; };
		048B6F0329A9A28C0084D3F8 /* LaunchScreen.storyboard in Resources */ = {isa = PBXBuildFile; fileRef = 048B6EDE29A99FC00084D3F8 /* LaunchScreen.storyboard */; };
		048B6F0429A9A3210084D3F8 /* Assets.xcassets in Resources */ = {isa = PBXBuildFile; fileRef = 048B6EDC29A99FC00084D3F8 /* Assets.xcassets */; };
		048B6F0529A9A3240084D3F8 /* Main.storyboard in Resources */ = {isa = PBXBuildFile; fileRef = 048B6ED929A99FBF0084D3F8 /* Main.storyboard */; };
		048B6F0829A9A5FC0084D3F8 /* ADHomeViewController.swift in Sources */ = {isa = PBXBuildFile; fileRef = 048B6F0729A9A5FC0084D3F8 /* ADHomeViewController.swift */; };
		048B6F0F29A9ADAA0084D3F8 /* ADHomeViewController.swift in Sources */ = {isa = PBXBuildFile; fileRef = 048B6F0729A9A5FC0084D3F8 /* ADHomeViewController.swift */; };
		04B7232B29EF7CB50037FB1F /* iRouter+UIviewController.swift in Sources */ = {isa = PBXBuildFile; fileRef = 040BA9E829EA83F9005F1399 /* iRouter+UIviewController.swift */; };
		04B7232C29EF7CB50037FB1F /* iRouter+UIviewController.swift in Sources */ = {isa = PBXBuildFile; fileRef = 040BA9E829EA83F9005F1399 /* iRouter+UIviewController.swift */; };
		04B7233529EF7D040037FB1F /* EXMeidaInportListVC.swift in Sources */ = {isa = PBXBuildFile; fileRef = 04B7232E29EF7D040037FB1F /* EXMeidaInportListVC.swift */; };
		04B7233629EF7D040037FB1F /* ResourceModel.swift in Sources */ = {isa = PBXBuildFile; fileRef = 04B7233029EF7D040037FB1F /* ResourceModel.swift */; };
		04B7233829EF7D040037FB1F /* MediaTableViewCell.swift in Sources */ = {isa = PBXBuildFile; fileRef = 04B7233429EF7D040037FB1F /* MediaTableViewCell.swift */; };
		04B7233929EF7D090037FB1F /* EXMeidaInportListVC.swift in Sources */ = {isa = PBXBuildFile; fileRef = 04B7232E29EF7D040037FB1F /* EXMeidaInportListVC.swift */; };
		04B7233A29EF7D120037FB1F /* ResourceModel.swift in Sources */ = {isa = PBXBuildFile; fileRef = 04B7233029EF7D040037FB1F /* ResourceModel.swift */; };
		04B7233B29EF7D160037FB1F /* MediaTableViewCell.swift in Sources */ = {isa = PBXBuildFile; fileRef = 04B7233429EF7D040037FB1F /* MediaTableViewCell.swift */; };
		431C9B390FCF8095AF765746 /* Pods_local.framework in Frameworks */ = {isa = PBXBuildFile; fileRef = B733815C69DFE9510DA572C2 /* Pods_local.framework */; };
		84E3D55529EBE5800093FEB4 /* RealmResourceModel.swift in Sources */ = {isa = PBXBuildFile; fileRef = 84E3D55429EBE5800093FEB4 /* RealmResourceModel.swift */; };
		84E3D55629EBE58D0093FEB4 /* RealmResourceModel.swift in Sources */ = {isa = PBXBuildFile; fileRef = 84E3D55429EBE5800093FEB4 /* RealmResourceModel.swift */; };
		CB44C1605BF8B94C7B33E67B /* Pods_example.framework in Frameworks */ = {isa = PBXBuildFile; fileRef = 1BBC258B2B2E2C617EC7CC92 /* Pods_example.framework */; };
/* End PBXBuildFile section */

/* Begin PBXFileReference section */
		040BA9E829EA83F9005F1399 /* iRouter+UIviewController.swift */ = {isa = PBXFileReference; lastKnownFileType = sourcecode.swift; path = "iRouter+UIviewController.swift"; sourceTree = "<group>"; };
		040BA9EB29EA8581005F1399 /* ad.json */ = {isa = PBXFileReference; fileEncoding = 4; lastKnownFileType = text.json; path = ad.json; sourceTree = "<group>"; };
		040BA9EC29EA8581005F1399 /* AD.swift */ = {isa = PBXFileReference; fileEncoding = 4; lastKnownFileType = sourcecode.swift; path = AD.swift; sourceTree = "<group>"; };
		040BAA0329EA9CDB005F1399 /* DataCender.swift */ = {isa = PBXFileReference; lastKnownFileType = sourcecode.swift; path = DataCender.swift; sourceTree = "<group>"; };
		0413D2CD29EF84DF00DBD8B4 /* demo.m3u */ = {isa = PBXFileReference; lastKnownFileType = text; path = demo.m3u; sourceTree = "<group>"; };
		0413D2CF29EF87BC00DBD8B4 /* APICenter.swift */ = {isa = PBXFileReference; lastKnownFileType = sourcecode.swift; path = APICenter.swift; sourceTree = "<group>"; };
		0413D2D129EF8A7100DBD8B4 /* RealmAPI.swift */ = {isa = PBXFileReference; lastKnownFileType = sourcecode.swift; path = RealmAPI.swift; sourceTree = "<group>"; };
		048B6ED029A99FBE0084D3F8 /* example.app */ = {isa = PBXFileReference; explicitFileType = wrapper.application; includeInIndex = 0; path = example.app; sourceTree = BUILT_PRODUCTS_DIR; };
		048B6ED329A99FBF0084D3F8 /* AppDelegate.swift */ = {isa = PBXFileReference; lastKnownFileType = sourcecode.swift; path = AppDelegate.swift; sourceTree = "<group>"; };
		048B6ED529A99FBF0084D3F8 /* SceneDelegate.swift */ = {isa = PBXFileReference; lastKnownFileType = sourcecode.swift; path = SceneDelegate.swift; sourceTree = "<group>"; };
		048B6ED729A99FBF0084D3F8 /* ViewController.swift */ = {isa = PBXFileReference; lastKnownFileType = sourcecode.swift; path = ViewController.swift; sourceTree = "<group>"; };
		048B6EDA29A99FBF0084D3F8 /* Base */ = {isa = PBXFileReference; lastKnownFileType = file.storyboard; name = Base; path = Base.lproj/Main.storyboard; sourceTree = "<group>"; };
		048B6EDC29A99FC00084D3F8 /* Assets.xcassets */ = {isa = PBXFileReference; lastKnownFileType = folder.assetcatalog; path = Assets.xcassets; sourceTree = "<group>"; };
		048B6EDF29A99FC00084D3F8 /* Base */ = {isa = PBXFileReference; lastKnownFileType = file.storyboard; name = Base; path = Base.lproj/LaunchScreen.storyboard; sourceTree = "<group>"; };
		048B6EE129A99FC00084D3F8 /* Info.plist */ = {isa = PBXFileReference; lastKnownFileType = text.plist.xml; path = Info.plist; sourceTree = "<group>"; };
		048B6EEC29A9A0B60084D3F8 /* local.app */ = {isa = PBXFileReference; explicitFileType = wrapper.application; includeInIndex = 0; path = local.app; sourceTree = BUILT_PRODUCTS_DIR; };
		048B6EFC29A9A0B70084D3F8 /* Info.plist */ = {isa = PBXFileReference; lastKnownFileType = text.plist.xml; path = Info.plist; sourceTree = "<group>"; };
		048B6F0729A9A5FC0084D3F8 /* ADHomeViewController.swift */ = {isa = PBXFileReference; lastKnownFileType = sourcecode.swift; path = ADHomeViewController.swift; sourceTree = "<group>"; };
		04B7232E29EF7D040037FB1F /* EXMeidaInportListVC.swift */ = {isa = PBXFileReference; fileEncoding = 4; lastKnownFileType = sourcecode.swift; path = EXMeidaInportListVC.swift; sourceTree = "<group>"; };
		04B7233029EF7D040037FB1F /* ResourceModel.swift */ = {isa = PBXFileReference; fileEncoding = 4; lastKnownFileType = sourcecode.swift; path = ResourceModel.swift; sourceTree = "<group>"; };
		04B7233429EF7D040037FB1F /* MediaTableViewCell.swift */ = {isa = PBXFileReference; fileEncoding = 4; lastKnownFileType = sourcecode.swift; path = MediaTableViewCell.swift; sourceTree = "<group>"; };
		1BBC258B2B2E2C617EC7CC92 /* Pods_example.framework */ = {isa = PBXFileReference; explicitFileType = wrapper.framework; includeInIndex = 0; path = Pods_example.framework; sourceTree = BUILT_PRODUCTS_DIR; };
		2A5A22ED8115D1CD2C9E5796 /* Pods-local.release.xcconfig */ = {isa = PBXFileReference; includeInIndex = 1; lastKnownFileType = text.xcconfig; name = "Pods-local.release.xcconfig"; path = "Target Support Files/Pods-local/Pods-local.release.xcconfig"; sourceTree = "<group>"; };
		2C51E0806449371075B0BC8C /* Pods-example.release.xcconfig */ = {isa = PBXFileReference; includeInIndex = 1; lastKnownFileType = text.xcconfig; name = "Pods-example.release.xcconfig"; path = "Target Support Files/Pods-example/Pods-example.release.xcconfig"; sourceTree = "<group>"; };
		49FE7CAD40671C1EB0EE30F6 /* Pods-local.debug.xcconfig */ = {isa = PBXFileReference; includeInIndex = 1; lastKnownFileType = text.xcconfig; name = "Pods-local.debug.xcconfig"; path = "Target Support Files/Pods-local/Pods-local.debug.xcconfig"; sourceTree = "<group>"; };
		84E3D55429EBE5800093FEB4 /* RealmResourceModel.swift */ = {isa = PBXFileReference; lastKnownFileType = sourcecode.swift; path = RealmResourceModel.swift; sourceTree = "<group>"; };
		B733815C69DFE9510DA572C2 /* Pods_local.framework */ = {isa = PBXFileReference; explicitFileType = wrapper.framework; includeInIndex = 0; path = Pods_local.framework; sourceTree = BUILT_PRODUCTS_DIR; };
		CFD228B7147EB2728AA30B4F /* Pods-example.debug.xcconfig */ = {isa = PBXFileReference; includeInIndex = 1; lastKnownFileType = text.xcconfig; name = "Pods-example.debug.xcconfig"; path = "Target Support Files/Pods-example/Pods-example.debug.xcconfig"; sourceTree = "<group>"; };
/* End PBXFileReference section */

/* Begin PBXFrameworksBuildPhase section */
		048B6ECD29A99FBE0084D3F8 /* Frameworks */ = {
			isa = PBXFrameworksBuildPhase;
			buildActionMask = 2147483647;
			files = (
				CB44C1605BF8B94C7B33E67B /* Pods_example.framework in Frameworks */,
			);
			runOnlyForDeploymentPostprocessing = 0;
		};
		048B6EE929A9A0B60084D3F8 /* Frameworks */ = {
			isa = PBXFrameworksBuildPhase;
			buildActionMask = 2147483647;
			files = (
				431C9B390FCF8095AF765746 /* Pods_local.framework in Frameworks */,
			);
			runOnlyForDeploymentPostprocessing = 0;
		};
/* End PBXFrameworksBuildPhase section */

/* Begin PBXGroup section */
		040BA9E729EA82F7005F1399 /* iRouter */ = {
			isa = PBXGroup;
			children = (
				040BA9E829EA83F9005F1399 /* iRouter+UIviewController.swift */,
			);
			path = iRouter;
			sourceTree = "<group>";
		};
		040BAA0229EA9CC6005F1399 /* DataManage */ = {
			isa = PBXGroup;
			children = (
				84E3D55329EBE5680093FEB4 /* RealmModel */,
				040BAA0329EA9CDB005F1399 /* DataCender.swift */,
			);
			path = DataManage;
			sourceTree = "<group>";
		};
		0413D2CC29EF849000DBD8B4 /* JSON */ = {
			isa = PBXGroup;
			children = (
				0413D2CD29EF84DF00DBD8B4 /* demo.m3u */,
			);
			path = JSON;
			sourceTree = "<group>";
		};
		0413D2CE29EF879E00DBD8B4 /* APICenter */ = {
			isa = PBXGroup;
			children = (
				0413D2CF29EF87BC00DBD8B4 /* APICenter.swift */,
				0413D2D129EF8A7100DBD8B4 /* RealmAPI.swift */,
			);
			path = APICenter;
			sourceTree = "<group>";
		};
		048B6EC729A99FBE0084D3F8 = {
			isa = PBXGroup;
			children = (
				0413D2CE29EF879E00DBD8B4 /* APICenter */,
				0413D2CC29EF849000DBD8B4 /* JSON */,
				04B7232D29EF7D040037FB1F /* MediaImportExample */,
				048B6F0629A9A5DE0084D3F8 /* ADExample */,
				048B6ED229A99FBE0084D3F8 /* example */,
				048B6EED29A9A0B60084D3F8 /* local */,
				048B6ED129A99FBE0084D3F8 /* Products */,
				54DBDF0F76E6E019DBDEC278 /* Pods */,
				AA23F3B89943611109B69133 /* Frameworks */,
			);
			sourceTree = "<group>";
		};
		048B6ED129A99FBE0084D3F8 /* Products */ = {
			isa = PBXGroup;
			children = (
				048B6ED029A99FBE0084D3F8 /* example.app */,
				048B6EEC29A9A0B60084D3F8 /* local.app */,
			);
			name = Products;
			sourceTree = "<group>";
		};
		048B6ED229A99FBE0084D3F8 /* example */ = {
			isa = PBXGroup;
			children = (
				040BAA0229EA9CC6005F1399 /* DataManage */,
				040BA9E729EA82F7005F1399 /* iRouter */,
				048B6ED329A99FBF0084D3F8 /* AppDelegate.swift */,
				048B6ED529A99FBF0084D3F8 /* SceneDelegate.swift */,
				048B6ED729A99FBF0084D3F8 /* ViewController.swift */,
				048B6ED929A99FBF0084D3F8 /* Main.storyboard */,
				048B6EDC29A99FC00084D3F8 /* Assets.xcassets */,
				048B6EDE29A99FC00084D3F8 /* LaunchScreen.storyboard */,
				048B6EE129A99FC00084D3F8 /* Info.plist */,
			);
			path = example;
			sourceTree = "<group>";
		};
		048B6EED29A9A0B60084D3F8 /* local */ = {
			isa = PBXGroup;
			children = (
				048B6EFC29A9A0B70084D3F8 /* Info.plist */,
			);
			path = local;
			sourceTree = "<group>";
		};
		048B6F0629A9A5DE0084D3F8 /* ADExample */ = {
			isa = PBXGroup;
			children = (
				040BA9EB29EA8581005F1399 /* ad.json */,
				040BA9EC29EA8581005F1399 /* AD.swift */,
				048B6F0729A9A5FC0084D3F8 /* ADHomeViewController.swift */,
			);
			path = ADExample;
			sourceTree = "<group>";
		};
		04B7232D29EF7D040037FB1F /* MediaImportExample */ = {
			isa = PBXGroup;
			children = (
				04B7232E29EF7D040037FB1F /* EXMeidaInportListVC.swift */,
				04B7232F29EF7D040037FB1F /* Model */,
				04B7233329EF7D040037FB1F /* TableviewCell */,
			);
			path = MediaImportExample;
			sourceTree = "<group>";
		};
		04B7232F29EF7D040037FB1F /* Model */ = {
			isa = PBXGroup;
			children = (
				04B7233029EF7D040037FB1F /* ResourceModel.swift */,
			);
			path = Model;
			sourceTree = "<group>";
		};
		04B7233329EF7D040037FB1F /* TableviewCell */ = {
			isa = PBXGroup;
			children = (
				04B7233429EF7D040037FB1F /* MediaTableViewCell.swift */,
			);
			path = TableviewCell;
			sourceTree = "<group>";
		};
		54DBDF0F76E6E019DBDEC278 /* Pods */ = {
			isa = PBXGroup;
			children = (
				CFD228B7147EB2728AA30B4F /* Pods-example.debug.xcconfig */,
				2C51E0806449371075B0BC8C /* Pods-example.release.xcconfig */,
				49FE7CAD40671C1EB0EE30F6 /* Pods-local.debug.xcconfig */,
				2A5A22ED8115D1CD2C9E5796 /* Pods-local.release.xcconfig */,
			);
			path = Pods;
			sourceTree = "<group>";
		};
		84E3D55329EBE5680093FEB4 /* RealmModel */ = {
			isa = PBXGroup;
			children = (
				84E3D55429EBE5800093FEB4 /* RealmResourceModel.swift */,
			);
			path = RealmModel;
			sourceTree = "<group>";
		};
		AA23F3B89943611109B69133 /* Frameworks */ = {
			isa = PBXGroup;
			children = (
				1BBC258B2B2E2C617EC7CC92 /* Pods_example.framework */,
				B733815C69DFE9510DA572C2 /* Pods_local.framework */,
			);
			name = Frameworks;
			sourceTree = "<group>";
		};
/* End PBXGroup section */

/* Begin PBXNativeTarget section */
		048B6ECF29A99FBE0084D3F8 /* example */ = {
			isa = PBXNativeTarget;
			buildConfigurationList = 048B6EE429A99FC00084D3F8 /* Build configuration list for PBXNativeTarget "example" */;
			buildPhases = (
				0875DF3479F9BA36E62B6439 /* [CP] Check Pods Manifest.lock */,
				048B6ECC29A99FBE0084D3F8 /* Sources */,
				048B6ECD29A99FBE0084D3F8 /* Frameworks */,
				048B6ECE29A99FBE0084D3F8 /* Resources */,
			);
			buildRules = (
			);
			dependencies = (
			);
			name = example;
			productName = example;
			productReference = 048B6ED029A99FBE0084D3F8 /* example.app */;
			productType = "com.apple.product-type.application";
		};
		048B6EEB29A9A0B60084D3F8 /* local */ = {
			isa = PBXNativeTarget;
			buildConfigurationList = 048B6EFD29A9A0B70084D3F8 /* Build configuration list for PBXNativeTarget "local" */;
			buildPhases = (
				F454C27D48E9C166846CC0FC /* [CP] Check Pods Manifest.lock */,
				048B6EE829A9A0B60084D3F8 /* Sources */,
				048B6EE929A9A0B60084D3F8 /* Frameworks */,
				048B6EEA29A9A0B60084D3F8 /* Resources */,
				57CB9A0D035AB46DCEF24E9F /* [CP] Copy Pods Resources */,
			);
			buildRules = (
			);
			dependencies = (
			);
			name = local;
			productName = local;
			productReference = 048B6EEC29A9A0B60084D3F8 /* local.app */;
			productType = "com.apple.product-type.application";
		};
/* End PBXNativeTarget section */

/* Begin PBXProject section */
		048B6EC829A99FBE0084D3F8 /* Project object */ = {
			isa = PBXProject;
			attributes = {
				BuildIndependentTargetsInParallel = 1;
				LastSwiftUpdateCheck = 1420;
				LastUpgradeCheck = 1420;
				TargetAttributes = {
					048B6ECF29A99FBE0084D3F8 = {
						CreatedOnToolsVersion = 14.2;
					};
					048B6EEB29A9A0B60084D3F8 = {
						CreatedOnToolsVersion = 14.2;
					};
				};
			};
			buildConfigurationList = 048B6ECB29A99FBE0084D3F8 /* Build configuration list for PBXProject "example" */;
			compatibilityVersion = "Xcode 13.0";
			developmentRegion = en;
			hasScannedForEncodings = 0;
			knownRegions = (
				en,
				Base,
			);
			mainGroup = 048B6EC729A99FBE0084D3F8;
			productRefGroup = 048B6ED129A99FBE0084D3F8 /* Products */;
			projectDirPath = "";
			projectRoot = "";
			targets = (
				048B6ECF29A99FBE0084D3F8 /* example */,
				048B6EEB29A9A0B60084D3F8 /* local */,
			);
		};
/* End PBXProject section */

/* Begin PBXResourcesBuildPhase section */
		048B6ECE29A99FBE0084D3F8 /* Resources */ = {
			isa = PBXResourcesBuildPhase;
			buildActionMask = 2147483647;
			files = (
				040BA9ED29EA8581005F1399 /* ad.json in Resources */,
				048B6EE029A99FC00084D3F8 /* LaunchScreen.storyboard in Resources */,
				048B6EDD29A99FC00084D3F8 /* Assets.xcassets in Resources */,
				048B6EDB29A99FBF0084D3F8 /* Main.storyboard in Resources */,
			);
			runOnlyForDeploymentPostprocessing = 0;
		};
		048B6EEA29A9A0B60084D3F8 /* Resources */ = {
			isa = PBXResourcesBuildPhase;
			buildActionMask = 2147483647;
			files = (
				040BA9F029EA858C005F1399 /* ad.json in Resources */,
				048B6F0529A9A3240084D3F8 /* Main.storyboard in Resources */,
				048B6F0429A9A3210084D3F8 /* Assets.xcassets in Resources */,
				048B6F0329A9A28C0084D3F8 /* LaunchScreen.storyboard in Resources */,
			);
			runOnlyForDeploymentPostprocessing = 0;
		};
/* End PBXResourcesBuildPhase section */

/* Begin PBXShellScriptBuildPhase section */
		0875DF3479F9BA36E62B6439 /* [CP] Check Pods Manifest.lock */ = {
			isa = PBXShellScriptBuildPhase;
			buildActionMask = 2147483647;
			files = (
			);
			inputFileListPaths = (
			);
			inputPaths = (
				"${PODS_PODFILE_DIR_PATH}/Podfile.lock",
				"${PODS_ROOT}/Manifest.lock",
			);
			name = "[CP] Check Pods Manifest.lock";
			outputFileListPaths = (
			);
			outputPaths = (
				"$(DERIVED_FILE_DIR)/Pods-example-checkManifestLockResult.txt",
			);
			runOnlyForDeploymentPostprocessing = 0;
			shellPath = /bin/sh;
			shellScript = "diff \"${PODS_PODFILE_DIR_PATH}/Podfile.lock\" \"${PODS_ROOT}/Manifest.lock\" > /dev/null\nif [ $? != 0 ] ; then\n    # print error to STDERR\n    echo \"error: The sandbox is not in sync with the Podfile.lock. Run 'pod install' or update your CocoaPods installation.\" >&2\n    exit 1\nfi\n# This output is used by Xcode 'outputs' to avoid re-running this script phase.\necho \"SUCCESS\" > \"${SCRIPT_OUTPUT_FILE_0}\"\n";
			showEnvVarsInLog = 0;
		};
		57CB9A0D035AB46DCEF24E9F /* [CP] Copy Pods Resources */ = {
			isa = PBXShellScriptBuildPhase;
			buildActionMask = 2147483647;
			files = (
			);
			inputFileListPaths = (
				"${PODS_ROOT}/Target Support Files/Pods-local/Pods-local-resources-${CONFIGURATION}-input-files.xcfilelist",
			);
			name = "[CP] Copy Pods Resources";
			outputFileListPaths = (
				"${PODS_ROOT}/Target Support Files/Pods-local/Pods-local-resources-${CONFIGURATION}-output-files.xcfilelist",
			);
			runOnlyForDeploymentPostprocessing = 0;
			shellPath = /bin/sh;
			shellScript = "\"${PODS_ROOT}/Target Support Files/Pods-local/Pods-local-resources.sh\"\n";
			showEnvVarsInLog = 0;
		};
		F454C27D48E9C166846CC0FC /* [CP] Check Pods Manifest.lock */ = {
			isa = PBXShellScriptBuildPhase;
			buildActionMask = 2147483647;
			files = (
			);
			inputFileListPaths = (
			);
			inputPaths = (
				"${PODS_PODFILE_DIR_PATH}/Podfile.lock",
				"${PODS_ROOT}/Manifest.lock",
			);
			name = "[CP] Check Pods Manifest.lock";
			outputFileListPaths = (
			);
			outputPaths = (
				"$(DERIVED_FILE_DIR)/Pods-local-checkManifestLockResult.txt",
			);
			runOnlyForDeploymentPostprocessing = 0;
			shellPath = /bin/sh;
			shellScript = "diff \"${PODS_PODFILE_DIR_PATH}/Podfile.lock\" \"${PODS_ROOT}/Manifest.lock\" > /dev/null\nif [ $? != 0 ] ; then\n    # print error to STDERR\n    echo \"error: The sandbox is not in sync with the Podfile.lock. Run 'pod install' or update your CocoaPods installation.\" >&2\n    exit 1\nfi\n# This output is used by Xcode 'outputs' to avoid re-running this script phase.\necho \"SUCCESS\" > \"${SCRIPT_OUTPUT_FILE_0}\"\n";
			showEnvVarsInLog = 0;
		};
/* End PBXShellScriptBuildPhase section */

/* Begin PBXSourcesBuildPhase section */
		048B6ECC29A99FBE0084D3F8 /* Sources */ = {
			isa = PBXSourcesBuildPhase;
			buildActionMask = 2147483647;
			files = (
				048B6ED829A99FBF0084D3F8 /* ViewController.swift in Sources */,
				048B6ED429A99FBF0084D3F8 /* AppDelegate.swift in Sources */,
				04B7233529EF7D040037FB1F /* EXMeidaInportListVC.swift in Sources */,
				0413D2D229EF8A7100DBD8B4 /* RealmAPI.swift in Sources */,
				040BA9EE29EA8581005F1399 /* AD.swift in Sources */,
				04B7232B29EF7CB50037FB1F /* iRouter+UIviewController.swift in Sources */,
				04B7233629EF7D040037FB1F /* ResourceModel.swift in Sources */,
				040BAA0429EA9CDB005F1399 /* DataCender.swift in Sources */,
				048B6F0829A9A5FC0084D3F8 /* ADHomeViewController.swift in Sources */,
				048B6ED629A99FBF0084D3F8 /* SceneDelegate.swift in Sources */,
				0413D2D029EF87BC00DBD8B4 /* APICenter.swift in Sources */,
				04B7233829EF7D040037FB1F /* MediaTableViewCell.swift in Sources */,
				84E3D55529EBE5800093FEB4 /* RealmResourceModel.swift in Sources */,
			);
			runOnlyForDeploymentPostprocessing = 0;
		};
		048B6EE829A9A0B60084D3F8 /* Sources */ = {
			isa = PBXSourcesBuildPhase;
			buildActionMask = 2147483647;
			files = (
				048B6F0229A9A0FE0084D3F8 /* AppDelegate.swift in Sources */,
				048B6F0029A9A0FE0084D3F8 /* ViewController.swift in Sources */,
				04B7233929EF7D090037FB1F /* EXMeidaInportListVC.swift in Sources */,
				0413D2D429EF8BF100DBD8B4 /* RealmAPI.swift in Sources */,
				040BA9EF29EA858A005F1399 /* AD.swift in Sources */,
				84E3D55629EBE58D0093FEB4 /* RealmResourceModel.swift in Sources */,
				04B7233A29EF7D120037FB1F /* ResourceModel.swift in Sources */,
				04B7232C29EF7CB50037FB1F /* iRouter+UIviewController.swift in Sources */,
				040BAA0829EAA1BA005F1399 /* DataCender.swift in Sources */,
				048B6F0F29A9ADAA0084D3F8 /* ADHomeViewController.swift in Sources */,
				0413D2D329EF8BEF00DBD8B4 /* APICenter.swift in Sources */,
				048B6F0129A9A0FE0084D3F8 /* SceneDelegate.swift in Sources */,
				04B7233B29EF7D160037FB1F /* MediaTableViewCell.swift in Sources */,
			);
			runOnlyForDeploymentPostprocessing = 0;
		};
/* End PBXSourcesBuildPhase section */

/* Begin PBXVariantGroup section */
		048B6ED929A99FBF0084D3F8 /* Main.storyboard */ = {
			isa = PBXVariantGroup;
			children = (
				048B6EDA29A99FBF0084D3F8 /* Base */,
			);
			name = Main.storyboard;
			sourceTree = "<group>";
		};
		048B6EDE29A99FC00084D3F8 /* LaunchScreen.storyboard */ = {
			isa = PBXVariantGroup;
			children = (
				048B6EDF29A99FC00084D3F8 /* Base */,
			);
			name = LaunchScreen.storyboard;
			sourceTree = "<group>";
		};
/* End PBXVariantGroup section */

/* Begin XCBuildConfiguration section */
		048B6EE229A99FC00084D3F8 /* Debug */ = {
			isa = XCBuildConfiguration;
			buildSettings = {
				ALWAYS_SEARCH_USER_PATHS = NO;
				CLANG_ANALYZER_NONNULL = YES;
				CLANG_ANALYZER_NUMBER_OBJECT_CONVERSION = YES_AGGRESSIVE;
				CLANG_CXX_LANGUAGE_STANDARD = "gnu++20";
				CLANG_ENABLE_MODULES = YES;
				CLANG_ENABLE_OBJC_ARC = YES;
				CLANG_ENABLE_OBJC_WEAK = YES;
				CLANG_WARN_BLOCK_CAPTURE_AUTORELEASING = YES;
				CLANG_WARN_BOOL_CONVERSION = YES;
				CLANG_WARN_COMMA = YES;
				CLANG_WARN_CONSTANT_CONVERSION = YES;
				CLANG_WARN_DEPRECATED_OBJC_IMPLEMENTATIONS = YES;
				CLANG_WARN_DIRECT_OBJC_ISA_USAGE = YES_ERROR;
				CLANG_WARN_DOCUMENTATION_COMMENTS = YES;
				CLANG_WARN_EMPTY_BODY = YES;
				CLANG_WARN_ENUM_CONVERSION = YES;
				CLANG_WARN_INFINITE_RECURSION = YES;
				CLANG_WARN_INT_CONVERSION = YES;
				CLANG_WARN_NON_LITERAL_NULL_CONVERSION = YES;
				CLANG_WARN_OBJC_IMPLICIT_RETAIN_SELF = YES;
				CLANG_WARN_OBJC_LITERAL_CONVERSION = YES;
				CLANG_WARN_OBJC_ROOT_CLASS = YES_ERROR;
				CLANG_WARN_QUOTED_INCLUDE_IN_FRAMEWORK_HEADER = YES;
				CLANG_WARN_RANGE_LOOP_ANALYSIS = YES;
				CLANG_WARN_STRICT_PROTOTYPES = YES;
				CLANG_WARN_SUSPICIOUS_MOVE = YES;
				CLANG_WARN_UNGUARDED_AVAILABILITY = YES_AGGRESSIVE;
				CLANG_WARN_UNREACHABLE_CODE = YES;
				CLANG_WARN__DUPLICATE_METHOD_MATCH = YES;
				COPY_PHASE_STRIP = NO;
				DEBUG_INFORMATION_FORMAT = dwarf;
				ENABLE_STRICT_OBJC_MSGSEND = YES;
				ENABLE_TESTABILITY = YES;
				GCC_C_LANGUAGE_STANDARD = gnu11;
				GCC_DYNAMIC_NO_PIC = NO;
				GCC_NO_COMMON_BLOCKS = YES;
				GCC_OPTIMIZATION_LEVEL = 0;
				GCC_PREPROCESSOR_DEFINITIONS = (
					"DEBUG=1",
					"$(inherited)",
				);
				GCC_WARN_64_TO_32_BIT_CONVERSION = YES;
				GCC_WARN_ABOUT_RETURN_TYPE = YES_ERROR;
				GCC_WARN_UNDECLARED_SELECTOR = YES;
				GCC_WARN_UNINITIALIZED_AUTOS = YES_AGGRESSIVE;
				GCC_WARN_UNUSED_FUNCTION = YES;
				GCC_WARN_UNUSED_VARIABLE = YES;
				IPHONEOS_DEPLOYMENT_TARGET = 13.0;
				MTL_ENABLE_DEBUG_INFO = INCLUDE_SOURCE;
				MTL_FAST_MATH = YES;
				ONLY_ACTIVE_ARCH = YES;
				SDKROOT = iphoneos;
				SWIFT_ACTIVE_COMPILATION_CONDITIONS = DEBUG;
				SWIFT_OPTIMIZATION_LEVEL = "-Onone";
			};
			name = Debug;
		};
		048B6EE329A99FC00084D3F8 /* Release */ = {
			isa = XCBuildConfiguration;
			buildSettings = {
				ALWAYS_SEARCH_USER_PATHS = NO;
				CLANG_ANALYZER_NONNULL = YES;
				CLANG_ANALYZER_NUMBER_OBJECT_CONVERSION = YES_AGGRESSIVE;
				CLANG_CXX_LANGUAGE_STANDARD = "gnu++20";
				CLANG_ENABLE_MODULES = YES;
				CLANG_ENABLE_OBJC_ARC = YES;
				CLANG_ENABLE_OBJC_WEAK = YES;
				CLANG_WARN_BLOCK_CAPTURE_AUTORELEASING = YES;
				CLANG_WARN_BOOL_CONVERSION = YES;
				CLANG_WARN_COMMA = YES;
				CLANG_WARN_CONSTANT_CONVERSION = YES;
				CLANG_WARN_DEPRECATED_OBJC_IMPLEMENTATIONS = YES;
				CLANG_WARN_DIRECT_OBJC_ISA_USAGE = YES_ERROR;
				CLANG_WARN_DOCUMENTATION_COMMENTS = YES;
				CLANG_WARN_EMPTY_BODY = YES;
				CLANG_WARN_ENUM_CONVERSION = YES;
				CLANG_WARN_INFINITE_RECURSION = YES;
				CLANG_WARN_INT_CONVERSION = YES;
				CLANG_WARN_NON_LITERAL_NULL_CONVERSION = YES;
				CLANG_WARN_OBJC_IMPLICIT_RETAIN_SELF = YES;
				CLANG_WARN_OBJC_LITERAL_CONVERSION = YES;
				CLANG_WARN_OBJC_ROOT_CLASS = YES_ERROR;
				CLANG_WARN_QUOTED_INCLUDE_IN_FRAMEWORK_HEADER = YES;
				CLANG_WARN_RANGE_LOOP_ANALYSIS = YES;
				CLANG_WARN_STRICT_PROTOTYPES = YES;
				CLANG_WARN_SUSPICIOUS_MOVE = YES;
				CLANG_WARN_UNGUARDED_AVAILABILITY = YES_AGGRESSIVE;
				CLANG_WARN_UNREACHABLE_CODE = YES;
				CLANG_WARN__DUPLICATE_METHOD_MATCH = YES;
				COPY_PHASE_STRIP = NO;
				DEBUG_INFORMATION_FORMAT = "dwarf-with-dsym";
				ENABLE_NS_ASSERTIONS = NO;
				ENABLE_STRICT_OBJC_MSGSEND = YES;
				GCC_C_LANGUAGE_STANDARD = gnu11;
				GCC_NO_COMMON_BLOCKS = YES;
				GCC_WARN_64_TO_32_BIT_CONVERSION = YES;
				GCC_WARN_ABOUT_RETURN_TYPE = YES_ERROR;
				GCC_WARN_UNDECLARED_SELECTOR = YES;
				GCC_WARN_UNINITIALIZED_AUTOS = YES_AGGRESSIVE;
				GCC_WARN_UNUSED_FUNCTION = YES;
				GCC_WARN_UNUSED_VARIABLE = YES;
				IPHONEOS_DEPLOYMENT_TARGET = 13.0;
				MTL_ENABLE_DEBUG_INFO = NO;
				MTL_FAST_MATH = YES;
				SDKROOT = iphoneos;
				SWIFT_COMPILATION_MODE = wholemodule;
				SWIFT_OPTIMIZATION_LEVEL = "-O";
				VALIDATE_PRODUCT = YES;
			};
			name = Release;
		};
		048B6EE529A99FC00084D3F8 /* Debug */ = {
			isa = XCBuildConfiguration;
			baseConfigurationReference = CFD228B7147EB2728AA30B4F /* Pods-example.debug.xcconfig */;
			buildSettings = {
				ASSETCATALOG_COMPILER_APPICON_NAME = AppIcon;
				ASSETCATALOG_COMPILER_GLOBAL_ACCENT_COLOR_NAME = AccentColor;
				CODE_SIGN_STYLE = Automatic;
				CURRENT_PROJECT_VERSION = 1;
				DEVELOPMENT_TEAM = QPSW766MZ5;
				GENERATE_INFOPLIST_FILE = YES;
				INFOPLIST_FILE = example/Info.plist;
				INFOPLIST_KEY_UIApplicationSupportsIndirectInputEvents = YES;
				INFOPLIST_KEY_UILaunchStoryboardName = LaunchScreen;
				INFOPLIST_KEY_UIMainStoryboardFile = Main;
				INFOPLIST_KEY_UISupportedInterfaceOrientations_iPad = "UIInterfaceOrientationPortrait UIInterfaceOrientationPortraitUpsideDown UIInterfaceOrientationLandscapeLeft UIInterfaceOrientationLandscapeRight";
				INFOPLIST_KEY_UISupportedInterfaceOrientations_iPhone = "UIInterfaceOrientationPortrait UIInterfaceOrientationLandscapeLeft UIInterfaceOrientationLandscapeRight";
				IPHONEOS_DEPLOYMENT_TARGET = 13.0;
				LD_RUNPATH_SEARCH_PATHS = (
					"$(inherited)",
					"@executable_path/Frameworks",
				);
				MARKETING_VERSION = 1.0;
				PRODUCT_BUNDLE_IDENTIFIER = ID.example;
				PRODUCT_NAME = "$(TARGET_NAME)";
				SWIFT_EMIT_LOC_STRINGS = YES;
				SWIFT_VERSION = 5.0;
				TARGETED_DEVICE_FAMILY = "1,2";
			};
			name = Debug;
		};
		048B6EE629A99FC00084D3F8 /* Release */ = {
			isa = XCBuildConfiguration;
			baseConfigurationReference = 2C51E0806449371075B0BC8C /* Pods-example.release.xcconfig */;
			buildSettings = {
				ASSETCATALOG_COMPILER_APPICON_NAME = AppIcon;
				ASSETCATALOG_COMPILER_GLOBAL_ACCENT_COLOR_NAME = AccentColor;
				CODE_SIGN_STYLE = Automatic;
				CURRENT_PROJECT_VERSION = 1;
				DEVELOPMENT_TEAM = QPSW766MZ5;
				GENERATE_INFOPLIST_FILE = YES;
				INFOPLIST_FILE = example/Info.plist;
				INFOPLIST_KEY_UIApplicationSupportsIndirectInputEvents = YES;
				INFOPLIST_KEY_UILaunchStoryboardName = LaunchScreen;
				INFOPLIST_KEY_UIMainStoryboardFile = Main;
				INFOPLIST_KEY_UISupportedInterfaceOrientations_iPad = "UIInterfaceOrientationPortrait UIInterfaceOrientationPortraitUpsideDown UIInterfaceOrientationLandscapeLeft UIInterfaceOrientationLandscapeRight";
				INFOPLIST_KEY_UISupportedInterfaceOrientations_iPhone = "UIInterfaceOrientationPortrait UIInterfaceOrientationLandscapeLeft UIInterfaceOrientationLandscapeRight";
				IPHONEOS_DEPLOYMENT_TARGET = 13.0;
				LD_RUNPATH_SEARCH_PATHS = (
					"$(inherited)",
					"@executable_path/Frameworks",
				);
				MARKETING_VERSION = 1.0;
				PRODUCT_BUNDLE_IDENTIFIER = ID.example;
				PRODUCT_NAME = "$(TARGET_NAME)";
				SWIFT_EMIT_LOC_STRINGS = YES;
				SWIFT_VERSION = 5.0;
				TARGETED_DEVICE_FAMILY = "1,2";
			};
			name = Release;
		};
		048B6EFE29A9A0B70084D3F8 /* Debug */ = {
			isa = XCBuildConfiguration;
			baseConfigurationReference = 49FE7CAD40671C1EB0EE30F6 /* Pods-local.debug.xcconfig */;
			buildSettings = {
				ASSETCATALOG_COMPILER_APPICON_NAME = AppIcon;
				ASSETCATALOG_COMPILER_GLOBAL_ACCENT_COLOR_NAME = AccentColor;
				CODE_SIGN_STYLE = Automatic;
				CURRENT_PROJECT_VERSION = 1;
				DEVELOPMENT_TEAM = QPSW766MZ5;
				GENERATE_INFOPLIST_FILE = YES;
				INFOPLIST_FILE = local/Info.plist;
				INFOPLIST_KEY_UIApplicationSupportsIndirectInputEvents = YES;
				INFOPLIST_KEY_UILaunchStoryboardName = LaunchScreen;
				INFOPLIST_KEY_UIMainStoryboardFile = Main;
				INFOPLIST_KEY_UISupportedInterfaceOrientations_iPad = "UIInterfaceOrientationPortrait UIInterfaceOrientationPortraitUpsideDown UIInterfaceOrientationLandscapeLeft UIInterfaceOrientationLandscapeRight";
				INFOPLIST_KEY_UISupportedInterfaceOrientations_iPhone = "UIInterfaceOrientationPortrait UIInterfaceOrientationLandscapeLeft UIInterfaceOrientationLandscapeRight";
				IPHONEOS_DEPLOYMENT_TARGET = 13.0;
				LD_RUNPATH_SEARCH_PATHS = (
					"$(inherited)",
					"@executable_path/Frameworks",
				);
				MARKETING_VERSION = 1.0;
				PRODUCT_BUNDLE_IDENTIFIER = ID.local;
				PRODUCT_NAME = "$(TARGET_NAME)";
				SWIFT_EMIT_LOC_STRINGS = YES;
				SWIFT_VERSION = 5.0;
				TARGETED_DEVICE_FAMILY = "1,2";
			};
			name = Debug;
		};
		048B6EFF29A9A0B70084D3F8 /* Release */ = {
			isa = XCBuildConfiguration;
			baseConfigurationReference = 2A5A22ED8115D1CD2C9E5796 /* Pods-local.release.xcconfig */;
			buildSettings = {
				ASSETCATALOG_COMPILER_APPICON_NAME = AppIcon;
				ASSETCATALOG_COMPILER_GLOBAL_ACCENT_COLOR_NAME = AccentColor;
				CODE_SIGN_STYLE = Automatic;
				CURRENT_PROJECT_VERSION = 1;
				DEVELOPMENT_TEAM = QPSW766MZ5;
				GENERATE_INFOPLIST_FILE = YES;
				INFOPLIST_FILE = local/Info.plist;
				INFOPLIST_KEY_UIApplicationSupportsIndirectInputEvents = YES;
				INFOPLIST_KEY_UILaunchStoryboardName = LaunchScreen;
				INFOPLIST_KEY_UIMainStoryboardFile = Main;
				INFOPLIST_KEY_UISupportedInterfaceOrientations_iPad = "UIInterfaceOrientationPortrait UIInterfaceOrientationPortraitUpsideDown UIInterfaceOrientationLandscapeLeft UIInterfaceOrientationLandscapeRight";
				INFOPLIST_KEY_UISupportedInterfaceOrientations_iPhone = "UIInterfaceOrientationPortrait UIInterfaceOrientationLandscapeLeft UIInterfaceOrientationLandscapeRight";
				IPHONEOS_DEPLOYMENT_TARGET = 13.0;
				LD_RUNPATH_SEARCH_PATHS = (
					"$(inherited)",
					"@executable_path/Frameworks",
				);
				MARKETING_VERSION = 1.0;
				PRODUCT_BUNDLE_IDENTIFIER = ID.local;
				PRODUCT_NAME = "$(TARGET_NAME)";
				SWIFT_EMIT_LOC_STRINGS = YES;
				SWIFT_VERSION = 5.0;
				TARGETED_DEVICE_FAMILY = "1,2";
			};
			name = Release;
		};
/* End XCBuildConfiguration section */

/* Begin XCConfigurationList section */
		048B6ECB29A99FBE0084D3F8 /* Build configuration list for PBXProject "example" */ = {
			isa = XCConfigurationList;
			buildConfigurations = (
				048B6EE229A99FC00084D3F8 /* Debug */,
				048B6EE329A99FC00084D3F8 /* Release */,
			);
			defaultConfigurationIsVisible = 0;
			defaultConfigurationName = Release;
		};
		048B6EE429A99FC00084D3F8 /* Build configuration list for PBXNativeTarget "example" */ = {
			isa = XCConfigurationList;
			buildConfigurations = (
				048B6EE529A99FC00084D3F8 /* Debug */,
				048B6EE629A99FC00084D3F8 /* Release */,
			);
			defaultConfigurationIsVisible = 0;
			defaultConfigurationName = Release;
		};
		048B6EFD29A9A0B70084D3F8 /* Build configuration list for PBXNativeTarget "local" */ = {
			isa = XCConfigurationList;
			buildConfigurations = (
				048B6EFE29A9A0B70084D3F8 /* Debug */,
				048B6EFF29A9A0B70084D3F8 /* Release */,
			);
			defaultConfigurationIsVisible = 0;
			defaultConfigurationName = Release;
		};
/* End XCConfigurationList section */
	};
	rootObject = 048B6EC829A99FBE0084D3F8 /* Project object */;
}
