// !$*UTF8*$!
{
	archiveVersion = 1;
	classes = {
	};
	objectVersion = 55;
	objects = {

/* Begin PBXBuildFile section */
		045B7F9E2A67CFB50064DF2E /* AppDelegate.swift in Sources */ = {isa = PBXBuildFile; fileRef = 045B7F9D2A67CFB50064DF2E /* AppDelegate.swift */; };
		045B7FA02A67CFB50064DF2E /* SceneDelegate.swift in Sources */ = {isa = PBXBuildFile; fileRef = 045B7F9F2A67CFB50064DF2E /* SceneDelegate.swift */; };
		045B7FA22A67CFB50064DF2E /* ViewController.swift in Sources */ = {isa = PBXBuildFile; fileRef = 045B7FA12A67CFB50064DF2E /* ViewController.swift */; };
		045B7FA52A67CFB50064DF2E /* Main.storyboard in Resources */ = {isa = PBXBuildFile; fileRef = 045B7FA32A67CFB50064DF2E /* Main.storyboard */; };
		045B7FA72A67CFB70064DF2E /* Assets.xcassets in Resources */ = {isa = PBXBuildFile; fileRef = 045B7FA62A67CFB70064DF2E /* Assets.xcassets */; };
		045B7FAA2A67CFB70064DF2E /* LaunchScreen.storyboard in Resources */ = {isa = PBXBuildFile; fileRef = 045B7FA82A67CFB70064DF2E /* LaunchScreen.storyboard */; };
		69067876673F7362F02464DA /* Pods_ILogin.framework in Frameworks */ = {isa = PBXBuildFile; fileRef = 25B947093821C63FD45D799A /* Pods_ILogin.framework */; };
/* End PBXBuildFile section */

/* Begin PBXFileReference section */
		045B7F9A2A67CFB50064DF2E /* ILogin.app */ = {isa = PBXFileReference; explicitFileType = wrapper.application; includeInIndex = 0; path = ILogin.app; sourceTree = BUILT_PRODUCTS_DIR; };
		045B7F9D2A67CFB50064DF2E /* AppDelegate.swift */ = {isa = PBXFileReference; lastKnownFileType = sourcecode.swift; path = AppDelegate.swift; sourceTree = "<group>"; };
		045B7F9F2A67CFB50064DF2E /* SceneDelegate.swift */ = {isa = PBXFileReference; lastKnownFileType = sourcecode.swift; path = SceneDelegate.swift; sourceTree = "<group>"; };
		045B7FA12A67CFB50064DF2E /* ViewController.swift */ = {isa = PBXFileReference; lastKnownFileType = sourcecode.swift; path = ViewController.swift; sourceTree = "<group>"; };
		045B7FA42A67CFB50064DF2E /* Base */ = {isa = PBXFileReference; lastKnownFileType = file.storyboard; name = Base; path = Base.lproj/Main.storyboard; sourceTree = "<group>"; };
		045B7FA62A67CFB70064DF2E /* Assets.xcassets */ = {isa = PBXFileReference; lastKnownFileType = folder.assetcatalog; path = Assets.xcassets; sourceTree = "<group>"; };
		045B7FA92A67CFB70064DF2E /* Base */ = {isa = PBXFileReference; lastKnownFileType = file.storyboard; name = Base; path = Base.lproj/LaunchScreen.storyboard; sourceTree = "<group>"; };
		045B7FAB2A67CFB70064DF2E /* Info.plist */ = {isa = PBXFileReference; lastKnownFileType = text.plist.xml; path = Info.plist; sourceTree = "<group>"; };
		1006B4B58CD51117C372518F /* Pods-ILogin.debug.xcconfig */ = {isa = PBXFileReference; includeInIndex = 1; lastKnownFileType = text.xcconfig; name = "Pods-ILogin.debug.xcconfig"; path = "Target Support Files/Pods-ILogin/Pods-ILogin.debug.xcconfig"; sourceTree = "<group>"; };
		25B947093821C63FD45D799A /* Pods_ILogin.framework */ = {isa = PBXFileReference; explicitFileType = wrapper.framework; includeInIndex = 0; path = Pods_ILogin.framework; sourceTree = BUILT_PRODUCTS_DIR; };
		33B11950FC023F8FCC1C4606 /* Pods-ILogin.release.xcconfig */ = {isa = PBXFileReference; includeInIndex = 1; lastKnownFileType = text.xcconfig; name = "Pods-ILogin.release.xcconfig"; path = "Target Support Files/Pods-ILogin/Pods-ILogin.release.xcconfig"; sourceTree = "<group>"; };
/* End PBXFileReference section */

/* Begin PBXFrameworksBuildPhase section */
		045B7F972A67CFB50064DF2E /* Frameworks */ = {
			isa = PBXFrameworksBuildPhase;
			buildActionMask = 2147483647;
			files = (
				69067876673F7362F02464DA /* Pods_ILogin.framework in Frameworks */,
			);
			runOnlyForDeploymentPostprocessing = 0;
		};
/* End PBXFrameworksBuildPhase section */

/* Begin PBXGroup section */
		045B7F912A67CFB40064DF2E = {
			isa = PBXGroup;
			children = (
				045B7F9C2A67CFB50064DF2E /* ILogin */,
				045B7F9B2A67CFB50064DF2E /* Products */,
				80F27BF87BB045C867976968 /* Pods */,
				2CC5E32D634F48373410C8EC /* Frameworks */,
			);
			sourceTree = "<group>";
		};
		045B7F9B2A67CFB50064DF2E /* Products */ = {
			isa = PBXGroup;
			children = (
				045B7F9A2A67CFB50064DF2E /* ILogin.app */,
			);
			name = Products;
			sourceTree = "<group>";
		};
		045B7F9C2A67CFB50064DF2E /* ILogin */ = {
			isa = PBXGroup;
			children = (
				045B7F9D2A67CFB50064DF2E /* AppDelegate.swift */,
				045B7F9F2A67CFB50064DF2E /* SceneDelegate.swift */,
				045B7FA12A67CFB50064DF2E /* ViewController.swift */,
				045B7FA32A67CFB50064DF2E /* Main.storyboard */,
				045B7FA62A67CFB70064DF2E /* Assets.xcassets */,
				045B7FA82A67CFB70064DF2E /* LaunchScreen.storyboard */,
				045B7FAB2A67CFB70064DF2E /* Info.plist */,
			);
			path = ILogin;
			sourceTree = "<group>";
		};
		2CC5E32D634F48373410C8EC /* Frameworks */ = {
			isa = PBXGroup;
			children = (
				25B947093821C63FD45D799A /* Pods_ILogin.framework */,
			);
			name = Frameworks;
			sourceTree = "<group>";
		};
		80F27BF87BB045C867976968 /* Pods */ = {
			isa = PBXGroup;
			children = (
				1006B4B58CD51117C372518F /* Pods-ILogin.debug.xcconfig */,
				33B11950FC023F8FCC1C4606 /* Pods-ILogin.release.xcconfig */,
			);
			name = Pods;
			path = Pods;
			sourceTree = "<group>";
		};
/* End PBXGroup section */

/* Begin PBXNativeTarget section */
		045B7F992A67CFB50064DF2E /* ILogin */ = {
			isa = PBXNativeTarget;
			buildConfigurationList = 045B7FAE2A67CFB70064DF2E /* Build configuration list for PBXNativeTarget "ILogin" */;
			buildPhases = (
				FF5FA95DE8572F6589B7AC96 /* [CP] Check Pods Manifest.lock */,
				045B7F962A67CFB50064DF2E /* Sources */,
				045B7F972A67CFB50064DF2E /* Frameworks */,
				045B7F982A67CFB50064DF2E /* Resources */,
			);
			buildRules = (
			);
			dependencies = (
			);
			name = ILogin;
			productName = ILogin;
			productReference = 045B7F9A2A67CFB50064DF2E /* ILogin.app */;
			productType = "com.apple.product-type.application";
		};
/* End PBXNativeTarget section */

/* Begin PBXProject section */
		045B7F922A67CFB40064DF2E /* Project object */ = {
			isa = PBXProject;
			attributes = {
				BuildIndependentTargetsInParallel = 1;
				LastSwiftUpdateCheck = 1430;
				LastUpgradeCheck = 1430;
				TargetAttributes = {
					045B7F992A67CFB50064DF2E = {
						CreatedOnToolsVersion = 14.3.1;
					};
				};
			};
			buildConfigurationList = 045B7F952A67CFB40064DF2E /* Build configuration list for PBXProject "ILogin" */;
			compatibilityVersion = "Xcode 13.0";
			developmentRegion = en;
			hasScannedForEncodings = 0;
			knownRegions = (
				en,
				Base,
			);
			mainGroup = 045B7F912A67CFB40064DF2E;
			productRefGroup = 045B7F9B2A67CFB50064DF2E /* Products */;
			projectDirPath = "";
			projectRoot = "";
			targets = (
				045B7F992A67CFB50064DF2E /* ILogin */,
			);
		};
/* End PBXProject section */

/* Begin PBXResourcesBuildPhase section */
		045B7F982A67CFB50064DF2E /* Resources */ = {
			isa = PBXResourcesBuildPhase;
			buildActionMask = 2147483647;
			files = (
				045B7FAA2A67CFB70064DF2E /* LaunchScreen.storyboard in Resources */,
				045B7FA72A67CFB70064DF2E /* Assets.xcassets in Resources */,
				045B7FA52A67CFB50064DF2E /* Main.storyboard in Resources */,
			);
			runOnlyForDeploymentPostprocessing = 0;
		};
/* End PBXResourcesBuildPhase section */

/* Begin PBXShellScriptBuildPhase section */
		FF5FA95DE8572F6589B7AC96 /* [CP] Check Pods Manifest.lock */ = {
			isa = PBXShellScriptBuildPhase;
			buildActionMask = 2147483647;
			files = (
			);
			inputFileListPaths = (
			);
			inputPaths = (
				"${PODS_PODFILE_DIR_PATH}/Podfile.lock",
				"${PODS_ROOT}/Manifest.lock",
			);
			name = "[CP] Check Pods Manifest.lock";
			outputFileListPaths = (
			);
			outputPaths = (
				"$(DERIVED_FILE_DIR)/Pods-ILogin-checkManifestLockResult.txt",
			);
			runOnlyForDeploymentPostprocessing = 0;
			shellPath = /bin/sh;
			shellScript = "diff \"${PODS_PODFILE_DIR_PATH}/Podfile.lock\" \"${PODS_ROOT}/Manifest.lock\" > /dev/null\nif [ $? != 0 ] ; then\n    # print error to STDERR\n    echo \"error: The sandbox is not in sync with the Podfile.lock. Run 'pod install' or update your CocoaPods installation.\" >&2\n    exit 1\nfi\n# This output is used by Xcode 'outputs' to avoid re-running this script phase.\necho \"SUCCESS\" > \"${SCRIPT_OUTPUT_FILE_0}\"\n";
			showEnvVarsInLog = 0;
		};
/* End PBXShellScriptBuildPhase section */

/* Begin PBXSourcesBuildPhase section */
		045B7F962A67CFB50064DF2E /* Sources */ = {
			isa = PBXSourcesBuildPhase;
			buildActionMask = 2147483647;
			files = (
				045B7FA22A67CFB50064DF2E /* ViewController.swift in Sources */,
				045B7F9E2A67CFB50064DF2E /* AppDelegate.swift in Sources */,
				045B7FA02A67CFB50064DF2E /* SceneDelegate.swift in Sources */,
			);
			runOnlyForDeploymentPostprocessing = 0;
		};
/* End PBXSourcesBuildPhase section */

/* Begin PBXVariantGroup section */
		045B7FA32A67CFB50064DF2E /* Main.storyboard */ = {
			isa = PBXVariantGroup;
			children = (
				045B7FA42A67CFB50064DF2E /* Base */,
			);
			name = Main.storyboard;
			sourceTree = "<group>";
		};
		045B7FA82A67CFB70064DF2E /* LaunchScreen.storyboard */ = {
			isa = PBXVariantGroup;
			children = (
				045B7FA92A67CFB70064DF2E /* Base */,
			);
			name = LaunchScreen.storyboard;
			sourceTree = "<group>";
		};
/* End PBXVariantGroup section */

/* Begin XCBuildConfiguration section */
		045B7FAC2A67CFB70064DF2E /* Debug */ = {
			isa = XCBuildConfiguration;
			buildSettings = {
				ALWAYS_SEARCH_USER_PATHS = NO;
				CLANG_ANALYZER_NONNULL = YES;
				CLANG_ANALYZER_NUMBER_OBJECT_CONVERSION = YES_AGGRESSIVE;
				CLANG_CXX_LANGUAGE_STANDARD = "gnu++20";
				CLANG_ENABLE_MODULES = YES;
				CLANG_ENABLE_OBJC_ARC = YES;
				CLANG_ENABLE_OBJC_WEAK = YES;
				CLANG_WARN_BLOCK_CAPTURE_AUTORELEASING = YES;
				CLANG_WARN_BOOL_CONVERSION = YES;
				CLANG_WARN_COMMA = YES;
				CLANG_WARN_CONSTANT_CONVERSION = YES;
				CLANG_WARN_DEPRECATED_OBJC_IMPLEMENTATIONS = YES;
				CLANG_WARN_DIRECT_OBJC_ISA_USAGE = YES_ERROR;
				CLANG_WARN_DOCUMENTATION_COMMENTS = YES;
				CLANG_WARN_EMPTY_BODY = YES;
				CLANG_WARN_ENUM_CONVERSION = YES;
				CLANG_WARN_INFINITE_RECURSION = YES;
				CLANG_WARN_INT_CONVERSION = YES;
				CLANG_WARN_NON_LITERAL_NULL_CONVERSION = YES;
				CLANG_WARN_OBJC_IMPLICIT_RETAIN_SELF = YES;
				CLANG_WARN_OBJC_LITERAL_CONVERSION = YES;
				CLANG_WARN_OBJC_ROOT_CLASS = YES_ERROR;
				CLANG_WARN_QUOTED_INCLUDE_IN_FRAMEWORK_HEADER = YES;
				CLANG_WARN_RANGE_LOOP_ANALYSIS = YES;
				CLANG_WARN_STRICT_PROTOTYPES = YES;
				CLANG_WARN_SUSPICIOUS_MOVE = YES;
				CLANG_WARN_UNGUARDED_AVAILABILITY = YES_AGGRESSIVE;
				CLANG_WARN_UNREACHABLE_CODE = YES;
				CLANG_WARN__DUPLICATE_METHOD_MATCH = YES;
				COPY_PHASE_STRIP = NO;
				DEBUG_INFORMATION_FORMAT = dwarf;
				ENABLE_STRICT_OBJC_MSGSEND = YES;
				ENABLE_TESTABILITY = YES;
				GCC_C_LANGUAGE_STANDARD = gnu11;
				GCC_DYNAMIC_NO_PIC = NO;
				GCC_NO_COMMON_BLOCKS = YES;
				GCC_OPTIMIZATION_LEVEL = 0;
				GCC_PREPROCESSOR_DEFINITIONS = (
					"DEBUG=1",
					"$(inherited)",
				);
				GCC_WARN_64_TO_32_BIT_CONVERSION = YES;
				GCC_WARN_ABOUT_RETURN_TYPE = YES_ERROR;
				GCC_WARN_UNDECLARED_SELECTOR = YES;
				GCC_WARN_UNINITIALIZED_AUTOS = YES_AGGRESSIVE;
				GCC_WARN_UNUSED_FUNCTION = YES;
				GCC_WARN_UNUSED_VARIABLE = YES;
				IPHONEOS_DEPLOYMENT_TARGET = 16.4;
				MTL_ENABLE_DEBUG_INFO = INCLUDE_SOURCE;
				MTL_FAST_MATH = YES;
				ONLY_ACTIVE_ARCH = YES;
				SDKROOT = iphoneos;
				SWIFT_ACTIVE_COMPILATION_CONDITIONS = DEBUG;
				SWIFT_OPTIMIZATION_LEVEL = "-Onone";
			};
			name = Debug;
		};
		045B7FAD2A67CFB70064DF2E /* Release */ = {
			isa = XCBuildConfiguration;
			buildSettings = {
				ALWAYS_SEARCH_USER_PATHS = NO;
				CLANG_ANALYZER_NONNULL = YES;
				CLANG_ANALYZER_NUMBER_OBJECT_CONVERSION = YES_AGGRESSIVE;
				CLANG_CXX_LANGUAGE_STANDARD = "gnu++20";
				CLANG_ENABLE_MODULES = YES;
				CLANG_ENABLE_OBJC_ARC = YES;
				CLANG_ENABLE_OBJC_WEAK = YES;
				CLANG_WARN_BLOCK_CAPTURE_AUTORELEASING = YES;
				CLANG_WARN_BOOL_CONVERSION = YES;
				CLANG_WARN_COMMA = YES;
				CLANG_WARN_CONSTANT_CONVERSION = YES;
				CLANG_WARN_DEPRECATED_OBJC_IMPLEMENTATIONS = YES;
				CLANG_WARN_DIRECT_OBJC_ISA_USAGE = YES_ERROR;
				CLANG_WARN_DOCUMENTATION_COMMENTS = YES;
				CLANG_WARN_EMPTY_BODY = YES;
				CLANG_WARN_ENUM_CONVERSION = YES;
				CLANG_WARN_INFINITE_RECURSION = YES;
				CLANG_WARN_INT_CONVERSION = YES;
				CLANG_WARN_NON_LITERAL_NULL_CONVERSION = YES;
				CLANG_WARN_OBJC_IMPLICIT_RETAIN_SELF = YES;
				CLANG_WARN_OBJC_LITERAL_CONVERSION = YES;
				CLANG_WARN_OBJC_ROOT_CLASS = YES_ERROR;
				CLANG_WARN_QUOTED_INCLUDE_IN_FRAMEWORK_HEADER = YES;
				CLANG_WARN_RANGE_LOOP_ANALYSIS = YES;
				CLANG_WARN_STRICT_PROTOTYPES = YES;
				CLANG_WARN_SUSPICIOUS_MOVE = YES;
				CLANG_WARN_UNGUARDED_AVAILABILITY = YES_AGGRESSIVE;
				CLANG_WARN_UNREACHABLE_CODE = YES;
				CLANG_WARN__DUPLICATE_METHOD_MATCH = YES;
				COPY_PHASE_STRIP = NO;
				DEBUG_INFORMATION_FORMAT = "dwarf-with-dsym";
				ENABLE_NS_ASSERTIONS = NO;
				ENABLE_STRICT_OBJC_MSGSEND = YES;
				GCC_C_LANGUAGE_STANDARD = gnu11;
				GCC_NO_COMMON_BLOCKS = YES;
				GCC_WARN_64_TO_32_BIT_CONVERSION = YES;
				GCC_WARN_ABOUT_RETURN_TYPE = YES_ERROR;
				GCC_WARN_UNDECLARED_SELECTOR = YES;
				GCC_WARN_UNINITIALIZED_AUTOS = YES_AGGRESSIVE;
				GCC_WARN_UNUSED_FUNCTION = YES;
				GCC_WARN_UNUSED_VARIABLE = YES;
				IPHONEOS_DEPLOYMENT_TARGET = 16.4;
				MTL_ENABLE_DEBUG_INFO = NO;
				MTL_FAST_MATH = YES;
				SDKROOT = iphoneos;
				SWIFT_COMPILATION_MODE = wholemodule;
				SWIFT_OPTIMIZATION_LEVEL = "-O";
				VALIDATE_PRODUCT = YES;
			};
			name = Release;
		};
		045B7FAF2A67CFB70064DF2E /* Debug */ = {
			isa = XCBuildConfiguration;
			baseConfigurationReference = 1006B4B58CD51117C372518F /* Pods-ILogin.debug.xcconfig */;
			buildSettings = {
				ASSETCATALOG_COMPILER_APPICON_NAME = AppIcon;
				ASSETCATALOG_COMPILER_GLOBAL_ACCENT_COLOR_NAME = AccentColor;
				CODE_SIGN_STYLE = Automatic;
				CURRENT_PROJECT_VERSION = 1;
				DEVELOPMENT_TEAM = QPSW766MZ5;
				GENERATE_INFOPLIST_FILE = YES;
				INFOPLIST_FILE = ILogin/Info.plist;
				INFOPLIST_KEY_UIApplicationSupportsIndirectInputEvents = YES;
				INFOPLIST_KEY_UILaunchStoryboardName = LaunchScreen;
				INFOPLIST_KEY_UIMainStoryboardFile = Main;
				INFOPLIST_KEY_UISupportedInterfaceOrientations_iPad = "UIInterfaceOrientationPortrait UIInterfaceOrientationPortraitUpsideDown UIInterfaceOrientationLandscapeLeft UIInterfaceOrientationLandscapeRight";
				INFOPLIST_KEY_UISupportedInterfaceOrientations_iPhone = "UIInterfaceOrientationPortrait UIInterfaceOrientationLandscapeLeft UIInterfaceOrientationLandscapeRight";
				IPHONEOS_DEPLOYMENT_TARGET = 13.0;
				LD_RUNPATH_SEARCH_PATHS = (
					"$(inherited)",
					"@executable_path/Frameworks",
				);
				MARKETING_VERSION = 1.0;
				PRODUCT_BUNDLE_IDENTIFIER = ID.ILogin;
				PRODUCT_NAME = "$(TARGET_NAME)";
				SWIFT_EMIT_LOC_STRINGS = YES;
				SWIFT_VERSION = 5.0;
				TARGETED_DEVICE_FAMILY = "1,2";
			};
			name = Debug;
		};
		045B7FB02A67CFB70064DF2E /* Release */ = {
			isa = XCBuildConfiguration;
			baseConfigurationReference = 33B11950FC023F8FCC1C4606 /* Pods-ILogin.release.xcconfig */;
			buildSettings = {
				ASSETCATALOG_COMPILER_APPICON_NAME = AppIcon;
				ASSETCATALOG_COMPILER_GLOBAL_ACCENT_COLOR_NAME = AccentColor;
				CODE_SIGN_STYLE = Automatic;
				CURRENT_PROJECT_VERSION = 1;
				DEVELOPMENT_TEAM = QPSW766MZ5;
				GENERATE_INFOPLIST_FILE = YES;
				INFOPLIST_FILE = ILogin/Info.plist;
				INFOPLIST_KEY_UIApplicationSupportsIndirectInputEvents = YES;
				INFOPLIST_KEY_UILaunchStoryboardName = LaunchScreen;
				INFOPLIST_KEY_UIMainStoryboardFile = Main;
				INFOPLIST_KEY_UISupportedInterfaceOrientations_iPad = "UIInterfaceOrientationPortrait UIInterfaceOrientationPortraitUpsideDown UIInterfaceOrientationLandscapeLeft UIInterfaceOrientationLandscapeRight";
				INFOPLIST_KEY_UISupportedInterfaceOrientations_iPhone = "UIInterfaceOrientationPortrait UIInterfaceOrientationLandscapeLeft UIInterfaceOrientationLandscapeRight";
				IPHONEOS_DEPLOYMENT_TARGET = 13.0;
				LD_RUNPATH_SEARCH_PATHS = (
					"$(inherited)",
					"@executable_path/Frameworks",
				);
				MARKETING_VERSION = 1.0;
				PRODUCT_BUNDLE_IDENTIFIER = ID.ILogin;
				PRODUCT_NAME = "$(TARGET_NAME)";
				SWIFT_EMIT_LOC_STRINGS = YES;
				SWIFT_VERSION = 5.0;
				TARGETED_DEVICE_FAMILY = "1,2";
			};
			name = Release;
		};
/* End XCBuildConfiguration section */

/* Begin XCConfigurationList section */
		045B7F952A67CFB40064DF2E /* Build configuration list for PBXProject "ILogin" */ = {
			isa = XCConfigurationList;
			buildConfigurations = (
				045B7FAC2A67CFB70064DF2E /* Debug */,
				045B7FAD2A67CFB70064DF2E /* Release */,
			);
			defaultConfigurationIsVisible = 0;
			defaultConfigurationName = Release;
		};
		045B7FAE2A67CFB70064DF2E /* Build configuration list for PBXNativeTarget "ILogin" */ = {
			isa = XCConfigurationList;
			buildConfigurations = (
				045B7FAF2A67CFB70064DF2E /* Debug */,
				045B7FB02A67CFB70064DF2E /* Release */,
			);
			defaultConfigurationIsVisible = 0;
			defaultConfigurationName = Release;
		};
/* End XCConfigurationList section */
	};
	rootObject = 045B7F922A67CFB40064DF2E /* Project object */;
}
