// !$*UTF8*$!
{
	archiveVersion = 1;
	classes = {
	};
	objectVersion = 56;
	objects = {

/* Begin PBXBuildFile section */
		250B00702A81DA8A00665137 /* AppDelegate.swift in Sources */ = {isa = PBXBuildFile; fileRef = 250B006F2A81DA8A00665137 /* AppDelegate.swift */; };
		250B00722A81DA8A00665137 /* SceneDelegate.swift in Sources */ = {isa = PBXBuildFile; fileRef = 250B00712A81DA8A00665137 /* SceneDelegate.swift */; };
		250B00742A81DA8A00665137 /* ViewController.swift in Sources */ = {isa = PBXBuildFile; fileRef = 250B00732A81DA8A00665137 /* ViewController.swift */; };
		250B00772A81DA8A00665137 /* Main.storyboard in Resources */ = {isa = PBXBuildFile; fileRef = 250B00752A81DA8A00665137 /* Main.storyboard */; };
		250B00792A81DA8B00665137 /* Assets.xcassets in Resources */ = {isa = PBXBuildFile; fileRef = 250B00782A81DA8B00665137 /* Assets.xcassets */; };
		250B007C2A81DA8B00665137 /* LaunchScreen.storyboard in Resources */ = {isa = PBXBuildFile; fileRef = 250B007A2A81DA8B00665137 /* LaunchScreen.storyboard */; };
		250B00BC2A81DB5600665137 /* AppDelegate.swift in Sources */ = {isa = PBXBuildFile; fileRef = 250B00BB2A81DB5600665137 /* AppDelegate.swift */; };
		250B00BE2A81DB5600665137 /* SceneDelegate.swift in Sources */ = {isa = PBXBuildFile; fileRef = 250B00BD2A81DB5600665137 /* SceneDelegate.swift */; };
		250B00C02A81DB5600665137 /* ViewController.swift in Sources */ = {isa = PBXBuildFile; fileRef = 250B00BF2A81DB5600665137 /* ViewController.swift */; };
		250B00C32A81DB5600665137 /* Main.storyboard in Resources */ = {isa = PBXBuildFile; fileRef = 250B00C12A81DB5600665137 /* Main.storyboard */; };
		250B00C52A81DB5700665137 /* Assets.xcassets in Resources */ = {isa = PBXBuildFile; fileRef = 250B00C42A81DB5700665137 /* Assets.xcassets */; };
		250B00C82A81DB5700665137 /* LaunchScreen.storyboard in Resources */ = {isa = PBXBuildFile; fileRef = 250B00C62A81DB5700665137 /* LaunchScreen.storyboard */; };
		571D80F81A8F5326A4BB86E5 /* Pods_EXIChart.framework in Frameworks */ = {isa = PBXBuildFile; fileRef = 686A40EA0BBE1719A9770459 /* Pods_EXIChart.framework */; };
/* End PBXBuildFile section */

/* Begin PBXCopyFilesBuildPhase section */
		250B00B42A81DB0600665137 /* Embed Foundation Extensions */ = {
			isa = PBXCopyFilesBuildPhase;
			buildActionMask = 2147483647;
			dstPath = "";
			dstSubfolderSpec = 13;
			files = (
			);
			name = "Embed Foundation Extensions";
			runOnlyForDeploymentPostprocessing = 0;
		};
/* End PBXCopyFilesBuildPhase section */

/* Begin PBXFileReference section */
		250B006C2A81DA8A00665137 /* iExample.app */ = {isa = PBXFileReference; explicitFileType = wrapper.application; includeInIndex = 0; path = iExample.app; sourceTree = BUILT_PRODUCTS_DIR; };
		250B006F2A81DA8A00665137 /* AppDelegate.swift */ = {isa = PBXFileReference; lastKnownFileType = sourcecode.swift; path = AppDelegate.swift; sourceTree = "<group>"; };
		250B00712A81DA8A00665137 /* SceneDelegate.swift */ = {isa = PBXFileReference; lastKnownFileType = sourcecode.swift; path = SceneDelegate.swift; sourceTree = "<group>"; };
		250B00732A81DA8A00665137 /* ViewController.swift */ = {isa = PBXFileReference; lastKnownFileType = sourcecode.swift; path = ViewController.swift; sourceTree = "<group>"; };
		250B00762A81DA8A00665137 /* Base */ = {isa = PBXFileReference; lastKnownFileType = file.storyboard; name = Base; path = Base.lproj/Main.storyboard; sourceTree = "<group>"; };
		250B00782A81DA8B00665137 /* Assets.xcassets */ = {isa = PBXFileReference; lastKnownFileType = folder.assetcatalog; path = Assets.xcassets; sourceTree = "<group>"; };
		250B007B2A81DA8B00665137 /* Base */ = {isa = PBXFileReference; lastKnownFileType = file.storyboard; name = Base; path = Base.lproj/LaunchScreen.storyboard; sourceTree = "<group>"; };
		250B007D2A81DA8B00665137 /* Info.plist */ = {isa = PBXFileReference; lastKnownFileType = text.plist.xml; path = Info.plist; sourceTree = "<group>"; };
		250B00A52A81DB0600665137 /* AuthenticationServices.framework */ = {isa = PBXFileReference; lastKnownFileType = wrapper.framework; name = AuthenticationServices.framework; path = System/Library/Frameworks/AuthenticationServices.framework; sourceTree = SDKROOT; };
		250B00B92A81DB5600665137 /* EXIChart.app */ = {isa = PBXFileReference; explicitFileType = wrapper.application; includeInIndex = 0; path = EXIChart.app; sourceTree = BUILT_PRODUCTS_DIR; };
		250B00BB2A81DB5600665137 /* AppDelegate.swift */ = {isa = PBXFileReference; lastKnownFileType = sourcecode.swift; path = AppDelegate.swift; sourceTree = "<group>"; };
		250B00BD2A81DB5600665137 /* SceneDelegate.swift */ = {isa = PBXFileReference; lastKnownFileType = sourcecode.swift; path = SceneDelegate.swift; sourceTree = "<group>"; };
		250B00BF2A81DB5600665137 /* ViewController.swift */ = {isa = PBXFileReference; lastKnownFileType = sourcecode.swift; path = ViewController.swift; sourceTree = "<group>"; };
		250B00C22A81DB5600665137 /* Base */ = {isa = PBXFileReference; lastKnownFileType = file.storyboard; name = Base; path = Base.lproj/Main.storyboard; sourceTree = "<group>"; };
		250B00C42A81DB5700665137 /* Assets.xcassets */ = {isa = PBXFileReference; lastKnownFileType = folder.assetcatalog; path = Assets.xcassets; sourceTree = "<group>"; };
		250B00C72A81DB5700665137 /* Base */ = {isa = PBXFileReference; lastKnownFileType = file.storyboard; name = Base; path = Base.lproj/LaunchScreen.storyboard; sourceTree = "<group>"; };
		250B00C92A81DB5700665137 /* Info.plist */ = {isa = PBXFileReference; lastKnownFileType = text.plist.xml; path = Info.plist; sourceTree = "<group>"; };
		4840EC12ADB9D6DFA6F6F13A /* Pods-EXIChart.release.xcconfig */ = {isa = PBXFileReference; includeInIndex = 1; lastKnownFileType = text.xcconfig; name = "Pods-EXIChart.release.xcconfig"; path = "Target Support Files/Pods-EXIChart/Pods-EXIChart.release.xcconfig"; sourceTree = "<group>"; };
		65FD037F8076A8B4612584B1 /* Pods-EXIChart.debug.xcconfig */ = {isa = PBXFileReference; includeInIndex = 1; lastKnownFileType = text.xcconfig; name = "Pods-EXIChart.debug.xcconfig"; path = "Target Support Files/Pods-EXIChart/Pods-EXIChart.debug.xcconfig"; sourceTree = "<group>"; };
		686A40EA0BBE1719A9770459 /* Pods_EXIChart.framework */ = {isa = PBXFileReference; explicitFileType = wrapper.framework; includeInIndex = 0; path = Pods_EXIChart.framework; sourceTree = BUILT_PRODUCTS_DIR; };
/* End PBXFileReference section */

/* Begin PBXFrameworksBuildPhase section */
		250B00692A81DA8A00665137 /* Frameworks */ = {
			isa = PBXFrameworksBuildPhase;
			buildActionMask = 2147483647;
			files = (
			);
			runOnlyForDeploymentPostprocessing = 0;
		};
		250B00B62A81DB5600665137 /* Frameworks */ = {
			isa = PBXFrameworksBuildPhase;
			buildActionMask = 2147483647;
			files = (
				571D80F81A8F5326A4BB86E5 /* Pods_EXIChart.framework in Frameworks */,
			);
			runOnlyForDeploymentPostprocessing = 0;
		};
/* End PBXFrameworksBuildPhase section */

/* Begin PBXGroup section */
		250B00632A81DA8A00665137 = {
			isa = PBXGroup;
			children = (
				250B006E2A81DA8A00665137 /* iExample */,
				250B00BA2A81DB5600665137 /* EXIChart */,
				250B00A42A81DB0600665137 /* Frameworks */,
				250B006D2A81DA8A00665137 /* Products */,
				96F1DD20C6B46F2D1BFE118A /* Pods */,
			);
			sourceTree = "<group>";
		};
		250B006D2A81DA8A00665137 /* Products */ = {
			isa = PBXGroup;
			children = (
				250B006C2A81DA8A00665137 /* iExample.app */,
				250B00B92A81DB5600665137 /* EXIChart.app */,
			);
			name = Products;
			sourceTree = "<group>";
		};
		250B006E2A81DA8A00665137 /* iExample */ = {
			isa = PBXGroup;
			children = (
				250B006F2A81DA8A00665137 /* AppDelegate.swift */,
				250B00712A81DA8A00665137 /* SceneDelegate.swift */,
				250B00732A81DA8A00665137 /* ViewController.swift */,
				250B00752A81DA8A00665137 /* Main.storyboard */,
				250B00782A81DA8B00665137 /* Assets.xcassets */,
				250B007A2A81DA8B00665137 /* LaunchScreen.storyboard */,
				250B007D2A81DA8B00665137 /* Info.plist */,
			);
			path = iExample;
			sourceTree = "<group>";
		};
		250B00A42A81DB0600665137 /* Frameworks */ = {
			isa = PBXGroup;
			children = (
				250B00A52A81DB0600665137 /* AuthenticationServices.framework */,
				686A40EA0BBE1719A9770459 /* Pods_EXIChart.framework */,
			);
			name = Frameworks;
			sourceTree = "<group>";
		};
		250B00BA2A81DB5600665137 /* EXIChart */ = {
			isa = PBXGroup;
			children = (
				250B00BB2A81DB5600665137 /* AppDelegate.swift */,
				250B00BD2A81DB5600665137 /* SceneDelegate.swift */,
				250B00BF2A81DB5600665137 /* ViewController.swift */,
				250B00C12A81DB5600665137 /* Main.storyboard */,
				250B00C42A81DB5700665137 /* Assets.xcassets */,
				250B00C62A81DB5700665137 /* LaunchScreen.storyboard */,
				250B00C92A81DB5700665137 /* Info.plist */,
			);
			path = EXIChart;
			sourceTree = "<group>";
		};
		96F1DD20C6B46F2D1BFE118A /* Pods */ = {
			isa = PBXGroup;
			children = (
				65FD037F8076A8B4612584B1 /* Pods-EXIChart.debug.xcconfig */,
				4840EC12ADB9D6DFA6F6F13A /* Pods-EXIChart.release.xcconfig */,
			);
			name = Pods;
			path = Pods;
			sourceTree = "<group>";
		};
/* End PBXGroup section */

/* Begin PBXNativeTarget section */
		250B006B2A81DA8A00665137 /* iExample */ = {
			isa = PBXNativeTarget;
			buildConfigurationList = 250B00962A81DA8B00665137 /* Build configuration list for PBXNativeTarget "iExample" */;
			buildPhases = (
				250B00682A81DA8A00665137 /* Sources */,
				250B00692A81DA8A00665137 /* Frameworks */,
				250B006A2A81DA8A00665137 /* Resources */,
				250B00B42A81DB0600665137 /* Embed Foundation Extensions */,
			);
			buildRules = (
			);
			dependencies = (
			);
			name = iExample;
			productName = iExample;
			productReference = 250B006C2A81DA8A00665137 /* iExample.app */;
			productType = "com.apple.product-type.application";
		};
		250B00B82A81DB5600665137 /* EXIChart */ = {
			isa = PBXNativeTarget;
			buildConfigurationList = 250B00CA2A81DB5700665137 /* Build configuration list for PBXNativeTarget "EXIChart" */;
			buildPhases = (
				72A6B19D22943A3BDE17F3D8 /* [CP] Check Pods Manifest.lock */,
				250B00B52A81DB5600665137 /* Sources */,
				250B00B62A81DB5600665137 /* Frameworks */,
				250B00B72A81DB5600665137 /* Resources */,
			);
			buildRules = (
			);
			dependencies = (
			);
			name = EXIChart;
			productName = EXIChart;
			productReference = 250B00B92A81DB5600665137 /* EXIChart.app */;
			productType = "com.apple.product-type.application";
		};
/* End PBXNativeTarget section */

/* Begin PBXProject section */
		250B00642A81DA8A00665137 /* Project object */ = {
			isa = PBXProject;
			attributes = {
				BuildIndependentTargetsInParallel = 1;
				LastSwiftUpdateCheck = 1430;
				LastUpgradeCheck = 1430;
				TargetAttributes = {
					250B006B2A81DA8A00665137 = {
						CreatedOnToolsVersion = 14.3.1;
					};
					250B00B82A81DB5600665137 = {
						CreatedOnToolsVersion = 14.3.1;
					};
				};
			};
			buildConfigurationList = 250B00672A81DA8A00665137 /* Build configuration list for PBXProject "iExample" */;
			compatibilityVersion = "Xcode 14.0";
			developmentRegion = en;
			hasScannedForEncodings = 0;
			knownRegions = (
				en,
				Base,
			);
			mainGroup = 250B00632A81DA8A00665137;
			productRefGroup = 250B006D2A81DA8A00665137 /* Products */;
			projectDirPath = "";
			projectRoot = "";
			targets = (
				250B006B2A81DA8A00665137 /* iExample */,
				250B00B82A81DB5600665137 /* EXIChart */,
			);
		};
/* End PBXProject section */

/* Begin PBXResourcesBuildPhase section */
		250B006A2A81DA8A00665137 /* Resources */ = {
			isa = PBXResourcesBuildPhase;
			buildActionMask = 2147483647;
			files = (
				250B007C2A81DA8B00665137 /* LaunchScreen.storyboard in Resources */,
				250B00792A81DA8B00665137 /* Assets.xcassets in Resources */,
				250B00772A81DA8A00665137 /* Main.storyboard in Resources */,
			);
			runOnlyForDeploymentPostprocessing = 0;
		};
		250B00B72A81DB5600665137 /* Resources */ = {
			isa = PBXResourcesBuildPhase;
			buildActionMask = 2147483647;
			files = (
				250B00C82A81DB5700665137 /* LaunchScreen.storyboard in Resources */,
				250B00C52A81DB5700665137 /* Assets.xcassets in Resources */,
				250B00C32A81DB5600665137 /* Main.storyboard in Resources */,
			);
			runOnlyForDeploymentPostprocessing = 0;
		};
/* End PBXResourcesBuildPhase section */

/* Begin PBXShellScriptBuildPhase section */
		72A6B19D22943A3BDE17F3D8 /* [CP] Check Pods Manifest.lock */ = {
			isa = PBXShellScriptBuildPhase;
			buildActionMask = 2147483647;
			files = (
			);
			inputFileListPaths = (
			);
			inputPaths = (
				"${PODS_PODFILE_DIR_PATH}/Podfile.lock",
				"${PODS_ROOT}/Manifest.lock",
			);
			name = "[CP] Check Pods Manifest.lock";
			outputFileListPaths = (
			);
			outputPaths = (
				"$(DERIVED_FILE_DIR)/Pods-EXIChart-checkManifestLockResult.txt",
			);
			runOnlyForDeploymentPostprocessing = 0;
			shellPath = /bin/sh;
			shellScript = "diff \"${PODS_PODFILE_DIR_PATH}/Podfile.lock\" \"${PODS_ROOT}/Manifest.lock\" > /dev/null\nif [ $? != 0 ] ; then\n    # print error to STDERR\n    echo \"error: The sandbox is not in sync with the Podfile.lock. Run 'pod install' or update your CocoaPods installation.\" >&2\n    exit 1\nfi\n# This output is used by Xcode 'outputs' to avoid re-running this script phase.\necho \"SUCCESS\" > \"${SCRIPT_OUTPUT_FILE_0}\"\n";
			showEnvVarsInLog = 0;
		};
/* End PBXShellScriptBuildPhase section */

/* Begin PBXSourcesBuildPhase section */
		250B00682A81DA8A00665137 /* Sources */ = {
			isa = PBXSourcesBuildPhase;
			buildActionMask = 2147483647;
			files = (
				250B00742A81DA8A00665137 /* ViewController.swift in Sources */,
				250B00702A81DA8A00665137 /* AppDelegate.swift in Sources */,
				250B00722A81DA8A00665137 /* SceneDelegate.swift in Sources */,
			);
			runOnlyForDeploymentPostprocessing = 0;
		};
		250B00B52A81DB5600665137 /* Sources */ = {
			isa = PBXSourcesBuildPhase;
			buildActionMask = 2147483647;
			files = (
				250B00C02A81DB5600665137 /* ViewController.swift in Sources */,
				250B00BC2A81DB5600665137 /* AppDelegate.swift in Sources */,
				250B00BE2A81DB5600665137 /* SceneDelegate.swift in Sources */,
			);
			runOnlyForDeploymentPostprocessing = 0;
		};
/* End PBXSourcesBuildPhase section */

/* Begin PBXVariantGroup section */
		250B00752A81DA8A00665137 /* Main.storyboard */ = {
			isa = PBXVariantGroup;
			children = (
				250B00762A81DA8A00665137 /* Base */,
			);
			name = Main.storyboard;
			sourceTree = "<group>";
		};
		250B007A2A81DA8B00665137 /* LaunchScreen.storyboard */ = {
			isa = PBXVariantGroup;
			children = (
				250B007B2A81DA8B00665137 /* Base */,
			);
			name = LaunchScreen.storyboard;
			sourceTree = "<group>";
		};
		250B00C12A81DB5600665137 /* Main.storyboard */ = {
			isa = PBXVariantGroup;
			children = (
				250B00C22A81DB5600665137 /* Base */,
			);
			name = Main.storyboard;
			sourceTree = "<group>";
		};
		250B00C62A81DB5700665137 /* LaunchScreen.storyboard */ = {
			isa = PBXVariantGroup;
			children = (
				250B00C72A81DB5700665137 /* Base */,
			);
			name = LaunchScreen.storyboard;
			sourceTree = "<group>";
		};
/* End PBXVariantGroup section */

/* Begin XCBuildConfiguration section */
		250B00942A81DA8B00665137 /* Debug */ = {
			isa = XCBuildConfiguration;
			buildSettings = {
				ALWAYS_SEARCH_USER_PATHS = NO;
				CLANG_ANALYZER_NONNULL = YES;
				CLANG_ANALYZER_NUMBER_OBJECT_CONVERSION = YES_AGGRESSIVE;
				CLANG_CXX_LANGUAGE_STANDARD = "gnu++20";
				CLANG_ENABLE_MODULES = YES;
				CLANG_ENABLE_OBJC_ARC = YES;
				CLANG_ENABLE_OBJC_WEAK = YES;
				CLANG_WARN_BLOCK_CAPTURE_AUTORELEASING = YES;
				CLANG_WARN_BOOL_CONVERSION = YES;
				CLANG_WARN_COMMA = YES;
				CLANG_WARN_CONSTANT_CONVERSION = YES;
				CLANG_WARN_DEPRECATED_OBJC_IMPLEMENTATIONS = YES;
				CLANG_WARN_DIRECT_OBJC_ISA_USAGE = YES_ERROR;
				CLANG_WARN_DOCUMENTATION_COMMENTS = YES;
				CLANG_WARN_EMPTY_BODY = YES;
				CLANG_WARN_ENUM_CONVERSION = YES;
				CLANG_WARN_INFINITE_RECURSION = YES;
				CLANG_WARN_INT_CONVERSION = YES;
				CLANG_WARN_NON_LITERAL_NULL_CONVERSION = YES;
				CLANG_WARN_OBJC_IMPLICIT_RETAIN_SELF = YES;
				CLANG_WARN_OBJC_LITERAL_CONVERSION = YES;
				CLANG_WARN_OBJC_ROOT_CLASS = YES_ERROR;
				CLANG_WARN_QUOTED_INCLUDE_IN_FRAMEWORK_HEADER = YES;
				CLANG_WARN_RANGE_LOOP_ANALYSIS = YES;
				CLANG_WARN_STRICT_PROTOTYPES = YES;
				CLANG_WARN_SUSPICIOUS_MOVE = YES;
				CLANG_WARN_UNGUARDED_AVAILABILITY = YES_AGGRESSIVE;
				CLANG_WARN_UNREACHABLE_CODE = YES;
				CLANG_WARN__DUPLICATE_METHOD_MATCH = YES;
				COPY_PHASE_STRIP = NO;
				DEBUG_INFORMATION_FORMAT = dwarf;
				ENABLE_STRICT_OBJC_MSGSEND = YES;
				ENABLE_TESTABILITY = YES;
				GCC_C_LANGUAGE_STANDARD = gnu11;
				GCC_DYNAMIC_NO_PIC = NO;
				GCC_NO_COMMON_BLOCKS = YES;
				GCC_OPTIMIZATION_LEVEL = 0;
				GCC_PREPROCESSOR_DEFINITIONS = (
					"DEBUG=1",
					"$(inherited)",
				);
				GCC_WARN_64_TO_32_BIT_CONVERSION = YES;
				GCC_WARN_ABOUT_RETURN_TYPE = YES_ERROR;
				GCC_WARN_UNDECLARED_SELECTOR = YES;
				GCC_WARN_UNINITIALIZED_AUTOS = YES_AGGRESSIVE;
				GCC_WARN_UNUSED_FUNCTION = YES;
				GCC_WARN_UNUSED_VARIABLE = YES;
				IPHONEOS_DEPLOYMENT_TARGET = 16.4;
				MTL_ENABLE_DEBUG_INFO = INCLUDE_SOURCE;
				MTL_FAST_MATH = YES;
				ONLY_ACTIVE_ARCH = YES;
				SDKROOT = iphoneos;
				SWIFT_ACTIVE_COMPILATION_CONDITIONS = DEBUG;
				SWIFT_OPTIMIZATION_LEVEL = "-Onone";
			};
			name = Debug;
		};
		250B00952A81DA8B00665137 /* Release */ = {
			isa = XCBuildConfiguration;
			buildSettings = {
				ALWAYS_SEARCH_USER_PATHS = NO;
				CLANG_ANALYZER_NONNULL = YES;
				CLANG_ANALYZER_NUMBER_OBJECT_CONVERSION = YES_AGGRESSIVE;
				CLANG_CXX_LANGUAGE_STANDARD = "gnu++20";
				CLANG_ENABLE_MODULES = YES;
				CLANG_ENABLE_OBJC_ARC = YES;
				CLANG_ENABLE_OBJC_WEAK = YES;
				CLANG_WARN_BLOCK_CAPTURE_AUTORELEASING = YES;
				CLANG_WARN_BOOL_CONVERSION = YES;
				CLANG_WARN_COMMA = YES;
				CLANG_WARN_CONSTANT_CONVERSION = YES;
				CLANG_WARN_DEPRECATED_OBJC_IMPLEMENTATIONS = YES;
				CLANG_WARN_DIRECT_OBJC_ISA_USAGE = YES_ERROR;
				CLANG_WARN_DOCUMENTATION_COMMENTS = YES;
				CLANG_WARN_EMPTY_BODY = YES;
				CLANG_WARN_ENUM_CONVERSION = YES;
				CLANG_WARN_INFINITE_RECURSION = YES;
				CLANG_WARN_INT_CONVERSION = YES;
				CLANG_WARN_NON_LITERAL_NULL_CONVERSION = YES;
				CLANG_WARN_OBJC_IMPLICIT_RETAIN_SELF = YES;
				CLANG_WARN_OBJC_LITERAL_CONVERSION = YES;
				CLANG_WARN_OBJC_ROOT_CLASS = YES_ERROR;
				CLANG_WARN_QUOTED_INCLUDE_IN_FRAMEWORK_HEADER = YES;
				CLANG_WARN_RANGE_LOOP_ANALYSIS = YES;
				CLANG_WARN_STRICT_PROTOTYPES = YES;
				CLANG_WARN_SUSPICIOUS_MOVE = YES;
				CLANG_WARN_UNGUARDED_AVAILABILITY = YES_AGGRESSIVE;
				CLANG_WARN_UNREACHABLE_CODE = YES;
				CLANG_WARN__DUPLICATE_METHOD_MATCH = YES;
				COPY_PHASE_STRIP = NO;
				DEBUG_INFORMATION_FORMAT = "dwarf-with-dsym";
				ENABLE_NS_ASSERTIONS = NO;
				ENABLE_STRICT_OBJC_MSGSEND = YES;
				GCC_C_LANGUAGE_STANDARD = gnu11;
				GCC_NO_COMMON_BLOCKS = YES;
				GCC_WARN_64_TO_32_BIT_CONVERSION = YES;
				GCC_WARN_ABOUT_RETURN_TYPE = YES_ERROR;
				GCC_WARN_UNDECLARED_SELECTOR = YES;
				GCC_WARN_UNINITIALIZED_AUTOS = YES_AGGRESSIVE;
				GCC_WARN_UNUSED_FUNCTION = YES;
				GCC_WARN_UNUSED_VARIABLE = YES;
				IPHONEOS_DEPLOYMENT_TARGET = 16.4;
				MTL_ENABLE_DEBUG_INFO = NO;
				MTL_FAST_MATH = YES;
				SDKROOT = iphoneos;
				SWIFT_COMPILATION_MODE = wholemodule;
				SWIFT_OPTIMIZATION_LEVEL = "-O";
				VALIDATE_PRODUCT = YES;
			};
			name = Release;
		};
		250B00972A81DA8B00665137 /* Debug */ = {
			isa = XCBuildConfiguration;
			buildSettings = {
				ALWAYS_EMBED_SWIFT_STANDARD_LIBRARIES = YES;
				ASSETCATALOG_COMPILER_APPICON_NAME = AppIcon;
				ASSETCATALOG_COMPILER_GLOBAL_ACCENT_COLOR_NAME = AccentColor;
				CODE_SIGN_STYLE = Automatic;
				CURRENT_PROJECT_VERSION = 1;
				DEVELOPMENT_TEAM = HH8C298NGG;
				GENERATE_INFOPLIST_FILE = YES;
				INFOPLIST_FILE = iExample/Info.plist;
				INFOPLIST_KEY_UIApplicationSupportsIndirectInputEvents = YES;
				INFOPLIST_KEY_UILaunchStoryboardName = LaunchScreen;
				INFOPLIST_KEY_UIMainStoryboardFile = Main;
				INFOPLIST_KEY_UISupportedInterfaceOrientations_iPad = "UIInterfaceOrientationPortrait UIInterfaceOrientationPortraitUpsideDown UIInterfaceOrientationLandscapeLeft UIInterfaceOrientationLandscapeRight";
				INFOPLIST_KEY_UISupportedInterfaceOrientations_iPhone = "UIInterfaceOrientationPortrait UIInterfaceOrientationLandscapeLeft UIInterfaceOrientationLandscapeRight";
				IPHONEOS_DEPLOYMENT_TARGET = 13.0;
				LD_RUNPATH_SEARCH_PATHS = (
					"$(inherited)",
					"@executable_path/Frameworks",
				);
				MARKETING_VERSION = 1.0;
				PRODUCT_BUNDLE_IDENTIFIER = i.iExample;
				PRODUCT_NAME = "$(TARGET_NAME)";
				SWIFT_EMIT_LOC_STRINGS = YES;
				SWIFT_VERSION = 5.0;
				TARGETED_DEVICE_FAMILY = "1,2";
			};
			name = Debug;
		};
		250B00982A81DA8B00665137 /* Release */ = {
			isa = XCBuildConfiguration;
			buildSettings = {
				ALWAYS_EMBED_SWIFT_STANDARD_LIBRARIES = YES;
				ASSETCATALOG_COMPILER_APPICON_NAME = AppIcon;
				ASSETCATALOG_COMPILER_GLOBAL_ACCENT_COLOR_NAME = AccentColor;
				CODE_SIGN_STYLE = Automatic;
				CURRENT_PROJECT_VERSION = 1;
				DEVELOPMENT_TEAM = HH8C298NGG;
				GENERATE_INFOPLIST_FILE = YES;
				INFOPLIST_FILE = iExample/Info.plist;
				INFOPLIST_KEY_UIApplicationSupportsIndirectInputEvents = YES;
				INFOPLIST_KEY_UILaunchStoryboardName = LaunchScreen;
				INFOPLIST_KEY_UIMainStoryboardFile = Main;
				INFOPLIST_KEY_UISupportedInterfaceOrientations_iPad = "UIInterfaceOrientationPortrait UIInterfaceOrientationPortraitUpsideDown UIInterfaceOrientationLandscapeLeft UIInterfaceOrientationLandscapeRight";
				INFOPLIST_KEY_UISupportedInterfaceOrientations_iPhone = "UIInterfaceOrientationPortrait UIInterfaceOrientationLandscapeLeft UIInterfaceOrientationLandscapeRight";
				IPHONEOS_DEPLOYMENT_TARGET = 13.0;
				LD_RUNPATH_SEARCH_PATHS = (
					"$(inherited)",
					"@executable_path/Frameworks",
				);
				MARKETING_VERSION = 1.0;
				PRODUCT_BUNDLE_IDENTIFIER = i.iExample;
				PRODUCT_NAME = "$(TARGET_NAME)";
				SWIFT_EMIT_LOC_STRINGS = YES;
				SWIFT_VERSION = 5.0;
				TARGETED_DEVICE_FAMILY = "1,2";
			};
			name = Release;
		};
		250B00CB2A81DB5700665137 /* Debug */ = {
			isa = XCBuildConfiguration;
			baseConfigurationReference = 65FD037F8076A8B4612584B1 /* Pods-EXIChart.debug.xcconfig */;
			buildSettings = {
				ASSETCATALOG_COMPILER_APPICON_NAME = AppIcon;
				ASSETCATALOG_COMPILER_GLOBAL_ACCENT_COLOR_NAME = AccentColor;
				CODE_SIGN_STYLE = Automatic;
				CURRENT_PROJECT_VERSION = 1;
				DEVELOPMENT_TEAM = HH8C298NGG;
				GENERATE_INFOPLIST_FILE = YES;
				INFOPLIST_FILE = EXIChart/Info.plist;
				INFOPLIST_KEY_UIApplicationSupportsIndirectInputEvents = YES;
				INFOPLIST_KEY_UILaunchStoryboardName = LaunchScreen;
				INFOPLIST_KEY_UIMainStoryboardFile = Main;
				INFOPLIST_KEY_UISupportedInterfaceOrientations_iPad = "UIInterfaceOrientationPortrait UIInterfaceOrientationPortraitUpsideDown UIInterfaceOrientationLandscapeLeft UIInterfaceOrientationLandscapeRight";
				INFOPLIST_KEY_UISupportedInterfaceOrientations_iPhone = "UIInterfaceOrientationPortrait UIInterfaceOrientationLandscapeLeft UIInterfaceOrientationLandscapeRight";
				IPHONEOS_DEPLOYMENT_TARGET = 13.0;
				LD_RUNPATH_SEARCH_PATHS = (
					"$(inherited)",
					"@executable_path/Frameworks",
				);
				MARKETING_VERSION = 1.0;
				PRODUCT_BUNDLE_IDENTIFIER = i.EXIChart;
				PRODUCT_NAME = "$(TARGET_NAME)";
				SWIFT_EMIT_LOC_STRINGS = YES;
				SWIFT_VERSION = 5.0;
				TARGETED_DEVICE_FAMILY = "1,2";
			};
			name = Debug;
		};
		250B00CC2A81DB5700665137 /* Release */ = {
			isa = XCBuildConfiguration;
			baseConfigurationReference = 4840EC12ADB9D6DFA6F6F13A /* Pods-EXIChart.release.xcconfig */;
			buildSettings = {
				ASSETCATALOG_COMPILER_APPICON_NAME = AppIcon;
				ASSETCATALOG_COMPILER_GLOBAL_ACCENT_COLOR_NAME = AccentColor;
				CODE_SIGN_STYLE = Automatic;
				CURRENT_PROJECT_VERSION = 1;
				DEVELOPMENT_TEAM = HH8C298NGG;
				GENERATE_INFOPLIST_FILE = YES;
				INFOPLIST_FILE = EXIChart/Info.plist;
				INFOPLIST_KEY_UIApplicationSupportsIndirectInputEvents = YES;
				INFOPLIST_KEY_UILaunchStoryboardName = LaunchScreen;
				INFOPLIST_KEY_UIMainStoryboardFile = Main;
				INFOPLIST_KEY_UISupportedInterfaceOrientations_iPad = "UIInterfaceOrientationPortrait UIInterfaceOrientationPortraitUpsideDown UIInterfaceOrientationLandscapeLeft UIInterfaceOrientationLandscapeRight";
				INFOPLIST_KEY_UISupportedInterfaceOrientations_iPhone = "UIInterfaceOrientationPortrait UIInterfaceOrientationLandscapeLeft UIInterfaceOrientationLandscapeRight";
				IPHONEOS_DEPLOYMENT_TARGET = 13.0;
				LD_RUNPATH_SEARCH_PATHS = (
					"$(inherited)",
					"@executable_path/Frameworks",
				);
				MARKETING_VERSION = 1.0;
				PRODUCT_BUNDLE_IDENTIFIER = i.EXIChart;
				PRODUCT_NAME = "$(TARGET_NAME)";
				SWIFT_EMIT_LOC_STRINGS = YES;
				SWIFT_VERSION = 5.0;
				TARGETED_DEVICE_FAMILY = "1,2";
			};
			name = Release;
		};
/* End XCBuildConfiguration section */

/* Begin XCConfigurationList section */
		250B00672A81DA8A00665137 /* Build configuration list for PBXProject "iExample" */ = {
			isa = XCConfigurationList;
			buildConfigurations = (
				250B00942A81DA8B00665137 /* Debug */,
				250B00952A81DA8B00665137 /* Release */,
			);
			defaultConfigurationIsVisible = 0;
			defaultConfigurationName = Release;
		};
		250B00962A81DA8B00665137 /* Build configuration list for PBXNativeTarget "iExample" */ = {
			isa = XCConfigurationList;
			buildConfigurations = (
				250B00972A81DA8B00665137 /* Debug */,
				250B00982A81DA8B00665137 /* Release */,
			);
			defaultConfigurationIsVisible = 0;
			defaultConfigurationName = Release;
		};
		250B00CA2A81DB5700665137 /* Build configuration list for PBXNativeTarget "EXIChart" */ = {
			isa = XCConfigurationList;
			buildConfigurations = (
				250B00CB2A81DB5700665137 /* Debug */,
				250B00CC2A81DB5700665137 /* Release */,
			);
			defaultConfigurationIsVisible = 0;
			defaultConfigurationName = Release;
		};
/* End XCConfigurationList section */
	};
	rootObject = 250B00642A81DA8A00665137 /* Project object */;
}
